// !$*UTF8*$!
{
	archiveVersion = 1;
	classes = {
	};
	objectVersion = 46;
	objects = {

/* Begin PBXBuildFile section */
		0F0703AA9AE659ED5E4E87EF /* Pods_iOSDesignPatternSamples.framework in Frameworks */ = {isa = PBXBuildFile; fileRef = 86A9C053DE1021D9CB7BFF98 /* Pods_iOSDesignPatternSamples.framework */; };
		37086C1F2017848900D625CA /* NSObjectProtocol.extension.swift in Sources */ = {isa = PBXBuildFile; fileRef = 37086C1E2017848900D625CA /* NSObjectProtocol.extension.swift */; };
		37086C212017850600D625CA /* ApiSession.extension.swift in Sources */ = {isa = PBXBuildFile; fileRef = 37086C202017850600D625CA /* ApiSession.extension.swift */; };
		372936AE1F54538A00762D15 /* FavoriteModel.swift in Sources */ = {isa = PBXBuildFile; fileRef = 372936AD1F54538A00762D15 /* FavoriteModel.swift */; };
		37BE2ABB1F3745D0003DC1F8 /* Assets.xcassets in Resources */ = {isa = PBXBuildFile; fileRef = 37BE2AB31F3745D0003DC1F8 /* Assets.xcassets */; };
		37BE2ABC1F3745D0003DC1F8 /* LaunchScreen.storyboard in Resources */ = {isa = PBXBuildFile; fileRef = 37BE2AB41F3745D0003DC1F8 /* LaunchScreen.storyboard */; };
		37BE2ABD1F3745D0003DC1F8 /* Main.storyboard in Resources */ = {isa = PBXBuildFile; fileRef = 37BE2AB61F3745D0003DC1F8 /* Main.storyboard */; };
		37BE2AC21F37460C003DC1F8 /* AppDelegate.swift in Sources */ = {isa = PBXBuildFile; fileRef = 37BE2AC11F37460C003DC1F8 /* AppDelegate.swift */; };
		37BE2AC91F37468C003DC1F8 /* FavoriteViewController.swift in Sources */ = {isa = PBXBuildFile; fileRef = 37BE2AC81F37468C003DC1F8 /* FavoriteViewController.swift */; };
		37BE2ACB1F374699003DC1F8 /* SearchViewController.swift in Sources */ = {isa = PBXBuildFile; fileRef = 37BE2ACA1F374699003DC1F8 /* SearchViewController.swift */; };
		37BE2ACE1F3746E2003DC1F8 /* RepositoryViewController.swift in Sources */ = {isa = PBXBuildFile; fileRef = 37BE2ACC1F3746E2003DC1F8 /* RepositoryViewController.swift */; };
		37BE2AD21F3746FA003DC1F8 /* UserRepositoryViewController.swift in Sources */ = {isa = PBXBuildFile; fileRef = 37BE2AD01F3746FA003DC1F8 /* UserRepositoryViewController.swift */; };
		37BE2AD31F3746FA003DC1F8 /* UserRepositoryViewController.xib in Resources */ = {isa = PBXBuildFile; fileRef = 37BE2AD11F3746FA003DC1F8 /* UserRepositoryViewController.xib */; };
		37BE2AD61F37471B003DC1F8 /* SafariServices.framework in Frameworks */ = {isa = PBXBuildFile; fileRef = 37BE2AD51F37471B003DC1F8 /* SafariServices.framework */; };
		37BE2AEB1F3748B6003DC1F8 /* UIKeyboardInfo.swift in Sources */ = {isa = PBXBuildFile; fileRef = 37BE2AEA1F3748B6003DC1F8 /* UIKeyboardInfo.swift */; };
		37BE2AF51F3759E7003DC1F8 /* LoadingView.swift in Sources */ = {isa = PBXBuildFile; fileRef = 37BE2AF41F3759E7003DC1F8 /* LoadingView.swift */; };
		37BE2AF71F3759F0003DC1F8 /* LoadingView.xib in Resources */ = {isa = PBXBuildFile; fileRef = 37BE2AF61F3759F0003DC1F8 /* LoadingView.xib */; };
		ED6EEE68222973CE007C3129 /* SearchModel.swift in Sources */ = {isa = PBXBuildFile; fileRef = ED6EEE67222973CE007C3129 /* SearchModel.swift */; };
		ED6EEE6A22297AD4007C3129 /* RepositoryModel.swift in Sources */ = {isa = PBXBuildFile; fileRef = ED6EEE6922297AD4007C3129 /* RepositoryModel.swift */; };
		ED6EEE6C22297D95007C3129 /* SearchViewController.xib in Resources */ = {isa = PBXBuildFile; fileRef = ED6EEE6B22297D95007C3129 /* SearchViewController.xib */; };
		ED6EEE6E22297E05007C3129 /* FavoriteViewController.xib in Resources */ = {isa = PBXBuildFile; fileRef = ED6EEE6D22297E05007C3129 /* FavoriteViewController.xib */; };
		EDDF7D192229C1CA003BCCAE /* FavoriteViewModel.swift in Sources */ = {isa = PBXBuildFile; fileRef = EDDF7D172229C1CA003BCCAE /* FavoriteViewModel.swift */; };
		EDDF7D1A2229C1CA003BCCAE /* FavoriteViewDataSource.swift in Sources */ = {isa = PBXBuildFile; fileRef = EDDF7D182229C1CA003BCCAE /* FavoriteViewDataSource.swift */; };
		EDDF7D1C2229C1CF003BCCAE /* RepositoryViewModel.swift in Sources */ = {isa = PBXBuildFile; fileRef = EDDF7D1B2229C1CF003BCCAE /* RepositoryViewModel.swift */; };
		EDDF7D1F2229C1D5003BCCAE /* SearchViewModel.swift in Sources */ = {isa = PBXBuildFile; fileRef = EDDF7D1D2229C1D5003BCCAE /* SearchViewModel.swift */; };
		EDDF7D202229C1D5003BCCAE /* SearchViewDataSource.swift in Sources */ = {isa = PBXBuildFile; fileRef = EDDF7D1E2229C1D5003BCCAE /* SearchViewDataSource.swift */; };
		EDDF7D232229C1DA003BCCAE /* UserRepositoryViewDataSource.swift in Sources */ = {isa = PBXBuildFile; fileRef = EDDF7D212229C1DA003BCCAE /* UserRepositoryViewDataSource.swift */; };
		EDDF7D242229C1DA003BCCAE /* UserRepositoryViewModel.swift in Sources */ = {isa = PBXBuildFile; fileRef = EDDF7D222229C1DA003BCCAE /* UserRepositoryViewModel.swift */; };
		EDDF7D262229CE79003BCCAE /* PublishRelay.extension.swift in Sources */ = {isa = PBXBuildFile; fileRef = EDDF7D252229CE79003BCCAE /* PublishRelay.extension.swift */; };
		EDDF7D282229CF07003BCCAE /* BehaviorRelay.extension.swift in Sources */ = {isa = PBXBuildFile; fileRef = EDDF7D272229CF07003BCCAE /* BehaviorRelay.extension.swift */; };
/* End PBXBuildFile section */

/* Begin PBXFileReference section */
		12A585EA9BD1550442F668A2 /* Pods-iOSDesignPatternSamples.debug.xcconfig */ = {isa = PBXFileReference; includeInIndex = 1; lastKnownFileType = text.xcconfig; name = "Pods-iOSDesignPatternSamples.debug.xcconfig"; path = "Target Support Files/Pods-iOSDesignPatternSamples/Pods-iOSDesignPatternSamples.debug.xcconfig"; sourceTree = "<group>"; };
		37086C1E2017848900D625CA /* NSObjectProtocol.extension.swift */ = {isa = PBXFileReference; lastKnownFileType = sourcecode.swift; path = NSObjectProtocol.extension.swift; sourceTree = "<group>"; };
		37086C202017850600D625CA /* ApiSession.extension.swift */ = {isa = PBXFileReference; lastKnownFileType = sourcecode.swift; path = ApiSession.extension.swift; sourceTree = "<group>"; };
		372936AD1F54538A00762D15 /* FavoriteModel.swift */ = {isa = PBXFileReference; lastKnownFileType = sourcecode.swift; path = FavoriteModel.swift; sourceTree = "<group>"; };
		37817D031F373F8B00EC69C6 /* iOSDesignPatternSamples.app */ = {isa = PBXFileReference; explicitFileType = wrapper.application; includeInIndex = 0; path = iOSDesignPatternSamples.app; sourceTree = BUILT_PRODUCTS_DIR; };
		37BE2AB31F3745D0003DC1F8 /* Assets.xcassets */ = {isa = PBXFileReference; lastKnownFileType = folder.assetcatalog; path = Assets.xcassets; sourceTree = "<group>"; };
		37BE2AB51F3745D0003DC1F8 /* Base */ = {isa = PBXFileReference; lastKnownFileType = file.storyboard; name = Base; path = Base.lproj/LaunchScreen.storyboard; sourceTree = "<group>"; };
		37BE2AB71F3745D0003DC1F8 /* Base */ = {isa = PBXFileReference; lastKnownFileType = file.storyboard; name = Base; path = Base.lproj/Main.storyboard; sourceTree = "<group>"; };
		37BE2AB81F3745D0003DC1F8 /* Info.plist */ = {isa = PBXFileReference; fileEncoding = 4; lastKnownFileType = text.plist.xml; path = Info.plist; sourceTree = "<group>"; };
		37BE2AC11F37460C003DC1F8 /* AppDelegate.swift */ = {isa = PBXFileReference; fileEncoding = 4; lastKnownFileType = sourcecode.swift; path = AppDelegate.swift; sourceTree = "<group>"; };
		37BE2AC81F37468C003DC1F8 /* FavoriteViewController.swift */ = {isa = PBXFileReference; fileEncoding = 4; lastKnownFileType = sourcecode.swift; path = FavoriteViewController.swift; sourceTree = "<group>"; };
		37BE2ACA1F374699003DC1F8 /* SearchViewController.swift */ = {isa = PBXFileReference; fileEncoding = 4; lastKnownFileType = sourcecode.swift; path = SearchViewController.swift; sourceTree = "<group>"; };
		37BE2ACC1F3746E2003DC1F8 /* RepositoryViewController.swift */ = {isa = PBXFileReference; fileEncoding = 4; lastKnownFileType = sourcecode.swift; path = RepositoryViewController.swift; sourceTree = "<group>"; };
		37BE2AD01F3746FA003DC1F8 /* UserRepositoryViewController.swift */ = {isa = PBXFileReference; fileEncoding = 4; lastKnownFileType = sourcecode.swift; path = UserRepositoryViewController.swift; sourceTree = "<group>"; };
		37BE2AD11F3746FA003DC1F8 /* UserRepositoryViewController.xib */ = {isa = PBXFileReference; fileEncoding = 4; lastKnownFileType = file.xib; path = UserRepositoryViewController.xib; sourceTree = "<group>"; };
		37BE2AD51F37471B003DC1F8 /* SafariServices.framework */ = {isa = PBXFileReference; lastKnownFileType = wrapper.framework; name = SafariServices.framework; path = System/Library/Frameworks/SafariServices.framework; sourceTree = SDKROOT; };
		37BE2AEA1F3748B6003DC1F8 /* UIKeyboardInfo.swift */ = {isa = PBXFileReference; fileEncoding = 4; lastKnownFileType = sourcecode.swift; path = UIKeyboardInfo.swift; sourceTree = "<group>"; };
		37BE2AF41F3759E7003DC1F8 /* LoadingView.swift */ = {isa = PBXFileReference; fileEncoding = 4; lastKnownFileType = sourcecode.swift; path = LoadingView.swift; sourceTree = "<group>"; };
		37BE2AF61F3759F0003DC1F8 /* LoadingView.xib */ = {isa = PBXFileReference; fileEncoding = 4; lastKnownFileType = file.xib; path = LoadingView.xib; sourceTree = "<group>"; };
		86A9C053DE1021D9CB7BFF98 /* Pods_iOSDesignPatternSamples.framework */ = {isa = PBXFileReference; explicitFileType = wrapper.framework; includeInIndex = 0; path = Pods_iOSDesignPatternSamples.framework; sourceTree = BUILT_PRODUCTS_DIR; };
		E7683412D64555F8497709C2 /* Pods-iOSDesignPatternSamples.release.xcconfig */ = {isa = PBXFileReference; includeInIndex = 1; lastKnownFileType = text.xcconfig; name = "Pods-iOSDesignPatternSamples.release.xcconfig"; path = "Target Support Files/Pods-iOSDesignPatternSamples/Pods-iOSDesignPatternSamples.release.xcconfig"; sourceTree = "<group>"; };
		ED6EEE67222973CE007C3129 /* SearchModel.swift */ = {isa = PBXFileReference; lastKnownFileType = sourcecode.swift; path = SearchModel.swift; sourceTree = "<group>"; };
		ED6EEE6922297AD4007C3129 /* RepositoryModel.swift */ = {isa = PBXFileReference; lastKnownFileType = sourcecode.swift; path = RepositoryModel.swift; sourceTree = "<group>"; };
		ED6EEE6B22297D95007C3129 /* SearchViewController.xib */ = {isa = PBXFileReference; lastKnownFileType = file.xib; path = SearchViewController.xib; sourceTree = "<group>"; };
		ED6EEE6D22297E05007C3129 /* FavoriteViewController.xib */ = {isa = PBXFileReference; lastKnownFileType = file.xib; path = FavoriteViewController.xib; sourceTree = "<group>"; };
		EDDF7D172229C1CA003BCCAE /* FavoriteViewModel.swift */ = {isa = PBXFileReference; fileEncoding = 4; lastKnownFileType = sourcecode.swift; path = FavoriteViewModel.swift; sourceTree = "<group>"; };
		EDDF7D182229C1CA003BCCAE /* FavoriteViewDataSource.swift */ = {isa = PBXFileReference; fileEncoding = 4; lastKnownFileType = sourcecode.swift; path = FavoriteViewDataSource.swift; sourceTree = "<group>"; };
		EDDF7D1B2229C1CF003BCCAE /* RepositoryViewModel.swift */ = {isa = PBXFileReference; fileEncoding = 4; lastKnownFileType = sourcecode.swift; path = RepositoryViewModel.swift; sourceTree = "<group>"; };
		EDDF7D1D2229C1D5003BCCAE /* SearchViewModel.swift */ = {isa = PBXFileReference; fileEncoding = 4; lastKnownFileType = sourcecode.swift; path = SearchViewModel.swift; sourceTree = "<group>"; };
		EDDF7D1E2229C1D5003BCCAE /* SearchViewDataSource.swift */ = {isa = PBXFileReference; fileEncoding = 4; lastKnownFileType = sourcecode.swift; path = SearchViewDataSource.swift; sourceTree = "<group>"; };
		EDDF7D212229C1DA003BCCAE /* UserRepositoryViewDataSource.swift */ = {isa = PBXFileReference; fileEncoding = 4; lastKnownFileType = sourcecode.swift; path = UserRepositoryViewDataSource.swift; sourceTree = "<group>"; };
		EDDF7D222229C1DA003BCCAE /* UserRepositoryViewModel.swift */ = {isa = PBXFileReference; fileEncoding = 4; lastKnownFileType = sourcecode.swift; path = UserRepositoryViewModel.swift; sourceTree = "<group>"; };
		EDDF7D252229CE79003BCCAE /* PublishRelay.extension.swift */ = {isa = PBXFileReference; lastKnownFileType = sourcecode.swift; path = PublishRelay.extension.swift; sourceTree = "<group>"; };
		EDDF7D272229CF07003BCCAE /* BehaviorRelay.extension.swift */ = {isa = PBXFileReference; lastKnownFileType = sourcecode.swift; path = BehaviorRelay.extension.swift; sourceTree = "<group>"; };
/* End PBXFileReference section */

/* Begin PBXFrameworksBuildPhase section */
		37817D001F373F8B00EC69C6 /* Frameworks */ = {
			isa = PBXFrameworksBuildPhase;
			buildActionMask = 2147483647;
			files = (
				EDDF7D36222A4908003BCCAE /* Pods_iOSDesignPatternSamples.framework in Frameworks */,
				EDDF7D34222A48FC003BCCAE /* SafariServices.framework in Frameworks */,
			);
			runOnlyForDeploymentPostprocessing = 0;
		};
/* End PBXFrameworksBuildPhase section */

/* Begin PBXGroup section */
		37086C1D2017847A00D625CA /* Extension */ = {
			isa = PBXGroup;
			children = (
				37086C202017850600D625CA /* ApiSession.extension.swift */,
				EDDF7D272229CF07003BCCAE /* BehaviorRelay.extension.swift */,
				37086C1E2017848900D625CA /* NSObjectProtocol.extension.swift */,
				EDDF7D252229CE79003BCCAE /* PublishRelay.extension.swift */,
			);
			path = Extension;
			sourceTree = "<group>";
		};
		37817CFA1F373F8B00EC69C6 = {
			isa = PBXGroup;
			children = (
				37BE2AD41F37471B003DC1F8 /* Frameworks */,
				37817D051F373F8B00EC69C6 /* iOSDesignPatternSamples */,
				C72F81EC67A22FD83004732D /* Pods */,
				37817D041F373F8B00EC69C6 /* Products */,
			);
			sourceTree = "<group>";
		};
		37817D041F373F8B00EC69C6 /* Products */ = {
			isa = PBXGroup;
			children = (
				37817D031F373F8B00EC69C6 /* iOSDesignPatternSamples.app */,
			);
			name = Products;
			sourceTree = "<group>";
		};
		37817D051F373F8B00EC69C6 /* iOSDesignPatternSamples */ = {
			isa = PBXGroup;
			children = (
				37BE2AB21F3745D0003DC1F8 /* Resources */,
				37BE2AB91F3745D0003DC1F8 /* Sources */,
			);
			path = iOSDesignPatternSamples;
			sourceTree = "<group>";
		};
		37BE2AB21F3745D0003DC1F8 /* Resources */ = {
			isa = PBXGroup;
			children = (
				37BE2AB31F3745D0003DC1F8 /* Assets.xcassets */,
				37BE2AB81F3745D0003DC1F8 /* Info.plist */,
				37BE2AB41F3745D0003DC1F8 /* LaunchScreen.storyboard */,
			);
			path = Resources;
			sourceTree = "<group>";
		};
		37BE2AB91F3745D0003DC1F8 /* Sources */ = {
			isa = PBXGroup;
			children = (
				37BE2AC01F37460C003DC1F8 /* Common */,
				37BE2AC31F37461E003DC1F8 /* UI */,
			);
			path = Sources;
			sourceTree = "<group>";
		};
		37BE2AC01F37460C003DC1F8 /* Common */ = {
			isa = PBXGroup;
			children = (
				37086C1D2017847A00D625CA /* Extension */,
				37BE2AE91F374889003DC1F8 /* NotieObserver */,
				37BE2AC11F37460C003DC1F8 /* AppDelegate.swift */,
				372936AD1F54538A00762D15 /* FavoriteModel.swift */,
				ED6EEE6922297AD4007C3129 /* RepositoryModel.swift */,
				ED6EEE67222973CE007C3129 /* SearchModel.swift */,
			);
			path = Common;
			sourceTree = "<group>";
		};
		37BE2AC31F37461E003DC1F8 /* UI */ = {
			isa = PBXGroup;
			children = (
				37BE2AF31F3759D1003DC1F8 /* Common */,
				37BE2AC41F374673003DC1F8 /* Favorite */,
				37BE2AC51F374673003DC1F8 /* Repository */,
				37BE2AC61F374673003DC1F8 /* Search */,
				37BE2AC71F374673003DC1F8 /* UserRepository */,
				37BE2AB61F3745D0003DC1F8 /* Main.storyboard */,
			);
			path = UI;
			sourceTree = "<group>";
		};
		37BE2AC41F374673003DC1F8 /* Favorite */ = {
			isa = PBXGroup;
			children = (
				37BE2AC81F37468C003DC1F8 /* FavoriteViewController.swift */,
				ED6EEE6D22297E05007C3129 /* FavoriteViewController.xib */,
				EDDF7D182229C1CA003BCCAE /* FavoriteViewDataSource.swift */,
				EDDF7D172229C1CA003BCCAE /* FavoriteViewModel.swift */,
			);
			path = Favorite;
			sourceTree = "<group>";
		};
		37BE2AC51F374673003DC1F8 /* Repository */ = {
			isa = PBXGroup;
			children = (
				37BE2ACC1F3746E2003DC1F8 /* RepositoryViewController.swift */,
				EDDF7D1B2229C1CF003BCCAE /* RepositoryViewModel.swift */,
			);
			path = Repository;
			sourceTree = "<group>";
		};
		37BE2AC61F374673003DC1F8 /* Search */ = {
			isa = PBXGroup;
			children = (
				37BE2ACA1F374699003DC1F8 /* SearchViewController.swift */,
				ED6EEE6B22297D95007C3129 /* SearchViewController.xib */,
				EDDF7D1E2229C1D5003BCCAE /* SearchViewDataSource.swift */,
				EDDF7D1D2229C1D5003BCCAE /* SearchViewModel.swift */,
			);
			path = Search;
			sourceTree = "<group>";
		};
		37BE2AC71F374673003DC1F8 /* UserRepository */ = {
			isa = PBXGroup;
			children = (
				37BE2AD01F3746FA003DC1F8 /* UserRepositoryViewController.swift */,
				37BE2AD11F3746FA003DC1F8 /* UserRepositoryViewController.xib */,
				EDDF7D212229C1DA003BCCAE /* UserRepositoryViewDataSource.swift */,
				EDDF7D222229C1DA003BCCAE /* UserRepositoryViewModel.swift */,

			);
			path = UserRepository;
			sourceTree = "<group>";
		};
		37BE2AD41F37471B003DC1F8 /* Frameworks */ = {
			isa = PBXGroup;
			children = (
				86A9C053DE1021D9CB7BFF98 /* Pods_iOSDesignPatternSamples.framework */,
				37BE2AD51F37471B003DC1F8 /* SafariServices.framework */,
			);
			name = Frameworks;
			sourceTree = "<group>";
		};
		37BE2AE91F374889003DC1F8 /* NotieObserver */ = {
			isa = PBXGroup;
			children = (
				37BE2AEA1F3748B6003DC1F8 /* UIKeyboardInfo.swift */,
			);
			path = NotieObserver;
			sourceTree = "<group>";
		};
		37BE2AF31F3759D1003DC1F8 /* Common */ = {
			isa = PBXGroup;
			children = (
				37BE2AF41F3759E7003DC1F8 /* LoadingView.swift */,
				37BE2AF61F3759F0003DC1F8 /* LoadingView.xib */,
			);
			path = Common;
			sourceTree = "<group>";
		};
		C72F81EC67A22FD83004732D /* Pods */ = {
			isa = PBXGroup;
			children = (
				12A585EA9BD1550442F668A2 /* Pods-iOSDesignPatternSamples.debug.xcconfig */,
				E7683412D64555F8497709C2 /* Pods-iOSDesignPatternSamples.release.xcconfig */,
			);
			path = Pods;
			sourceTree = "<group>";
		};
/* End PBXGroup section */

/* Begin PBXNativeTarget section */
		37817D021F373F8B00EC69C6 /* iOSDesignPatternSamples */ = {
			isa = PBXNativeTarget;
			buildConfigurationList = 37817D151F373F8B00EC69C6 /* Build configuration list for PBXNativeTarget "iOSDesignPatternSamples" */;
			buildPhases = (
				4496EE1B5B6B54210EA45BD2 /* [CP] Check Pods Manifest.lock */,
				37817CFF1F373F8B00EC69C6 /* Sources */,
				37817D001F373F8B00EC69C6 /* Frameworks */,
				37817D011F373F8B00EC69C6 /* Resources */,
				093B7CDB1F7B93DA7699BB16 /* [CP] Embed Pods Frameworks */,
			);
			buildRules = (
			);
			dependencies = (
			);
			name = iOSDesignPatternSamples;
			productName = iOSDesignPatternSamples;
			productReference = 37817D031F373F8B00EC69C6 /* iOSDesignPatternSamples.app */;
			productType = "com.apple.product-type.application";
		};
/* End PBXNativeTarget section */

/* Begin PBXProject section */
		37817CFB1F373F8B00EC69C6 /* Project object */ = {
			isa = PBXProject;
			attributes = {
				LastSwiftUpdateCheck = 0830;
				LastUpgradeCheck = 1010;
				ORGANIZATIONNAME = "marty-suzuki";
				TargetAttributes = {
					37817D021F373F8B00EC69C6 = {
						CreatedOnToolsVersion = 8.3.3;
						LastSwiftMigration = 0900;
						ProvisioningStyle = Manual;
					};
				};
			};
			buildConfigurationList = 37817CFE1F373F8B00EC69C6 /* Build configuration list for PBXProject "iOSDesignPatternSamples" */;
			compatibilityVersion = "Xcode 3.2";
			developmentRegion = English;
			hasScannedForEncodings = 0;
			knownRegions = (
				en,
				Base,
			);
			mainGroup = 37817CFA1F373F8B00EC69C6;
			productRefGroup = 37817D041F373F8B00EC69C6 /* Products */;
			projectDirPath = "";
			projectRoot = "";
			targets = (
				37817D021F373F8B00EC69C6 /* iOSDesignPatternSamples */,
			);
		};
/* End PBXProject section */

/* Begin PBXResourcesBuildPhase section */
		37817D011F373F8B00EC69C6 /* Resources */ = {
			isa = PBXResourcesBuildPhase;
			buildActionMask = 2147483647;
			files = (
				37BE2ABB1F3745D0003DC1F8 /* Assets.xcassets in Resources */,
				ED6EEE6E22297E05007C3129 /* FavoriteViewController.xib in Resources */,
				37BE2ABC1F3745D0003DC1F8 /* LaunchScreen.storyboard in Resources */,
				37BE2AF71F3759F0003DC1F8 /* LoadingView.xib in Resources */,
				37BE2ABD1F3745D0003DC1F8 /* Main.storyboard in Resources */,
				ED6EEE6C22297D95007C3129 /* SearchViewController.xib in Resources */,
				37BE2AD31F3746FA003DC1F8 /* UserRepositoryViewController.xib in Resources */,
			);
			runOnlyForDeploymentPostprocessing = 0;
		};
/* End PBXResourcesBuildPhase section */

/* Begin PBXShellScriptBuildPhase section */
		093B7CDB1F7B93DA7699BB16 /* [CP] Embed Pods Frameworks */ = {
			isa = PBXShellScriptBuildPhase;
			buildActionMask = 2147483647;
			files = (
			);
			inputFileListPaths = (
			);
			inputPaths = (
				"${BUILT_PRODUCTS_DIR}/FluxCapacitor/FluxCapacitor.framework",
				"${BUILT_PRODUCTS_DIR}/GithubKit/GithubKit.framework",
				"${BUILT_PRODUCTS_DIR}/NoticeObserveKit/NoticeObserveKit.framework",
				"${BUILT_PRODUCTS_DIR}/Nuke/Nuke.framework",
				"${BUILT_PRODUCTS_DIR}/RxAtomic/RxAtomic.framework",
				"${BUILT_PRODUCTS_DIR}/RxCocoa/RxCocoa.framework",
				"${BUILT_PRODUCTS_DIR}/RxSwift/RxSwift.framework",
				"${BUILT_PRODUCTS_DIR}/SwiftIconFont/SwiftIconFont.framework",
				"${PODS_ROOT}/Target Support Files/Pods-iOSDesignPatternSamples/Pods-iOSDesignPatternSamples-frameworks.sh",
			);
			name = "[CP] Embed Pods Frameworks";
			outputFileListPaths = (
			);
			outputPaths = (
				"${TARGET_BUILD_DIR}/${FRAMEWORKS_FOLDER_PATH}/FluxCapacitor.framework",
				"${TARGET_BUILD_DIR}/${FRAMEWORKS_FOLDER_PATH}/GithubKit.framework",
				"${TARGET_BUILD_DIR}/${FRAMEWORKS_FOLDER_PATH}/NoticeObserveKit.framework",
				"${TARGET_BUILD_DIR}/${FRAMEWORKS_FOLDER_PATH}/Nuke.framework",
				"${TARGET_BUILD_DIR}/${FRAMEWORKS_FOLDER_PATH}/RxAtomic.framework",
				"${TARGET_BUILD_DIR}/${FRAMEWORKS_FOLDER_PATH}/RxCocoa.framework",
				"${TARGET_BUILD_DIR}/${FRAMEWORKS_FOLDER_PATH}/RxSwift.framework",
				"${TARGET_BUILD_DIR}/${FRAMEWORKS_FOLDER_PATH}/SwiftIconFont.framework",
			);
			runOnlyForDeploymentPostprocessing = 0;
			shellPath = /bin/sh;
			shellScript = "\"${PODS_ROOT}/Target Support Files/Pods-iOSDesignPatternSamples/Pods-iOSDesignPatternSamples-frameworks.sh\"\n";
			showEnvVarsInLog = 0;
		};
		4496EE1B5B6B54210EA45BD2 /* [CP] Check Pods Manifest.lock */ = {
			isa = PBXShellScriptBuildPhase;
			buildActionMask = 2147483647;
			files = (
			);
			inputFileListPaths = (
			);
			inputPaths = (
				"${PODS_PODFILE_DIR_PATH}/Podfile.lock",
				"${PODS_ROOT}/Manifest.lock",
			);
			name = "[CP] Check Pods Manifest.lock";
			outputFileListPaths = (
			);
			outputPaths = (
				"$(DERIVED_FILE_DIR)/Pods-iOSDesignPatternSamples-checkManifestLockResult.txt",
			);
			runOnlyForDeploymentPostprocessing = 0;
			shellPath = /bin/sh;
			shellScript = "diff \"${PODS_PODFILE_DIR_PATH}/Podfile.lock\" \"${PODS_ROOT}/Manifest.lock\" > /dev/null\nif [ $? != 0 ] ; then\n    # print error to STDERR\n    echo \"error: The sandbox is not in sync with the Podfile.lock. Run 'pod install' or update your CocoaPods installation.\" >&2\n    exit 1\nfi\n# This output is used by Xcode 'outputs' to avoid re-running this script phase.\necho \"SUCCESS\" > \"${SCRIPT_OUTPUT_FILE_0}\"\n";
			showEnvVarsInLog = 0;
		};
/* End PBXShellScriptBuildPhase section */

/* Begin PBXSourcesBuildPhase section */
		37817CFF1F373F8B00EC69C6 /* Sources */ = {
			isa = PBXSourcesBuildPhase;
			buildActionMask = 2147483647;
			files = (
				37086C212017850600D625CA /* ApiSession.extension.swift in Sources */,
				37BE2AC21F37460C003DC1F8 /* AppDelegate.swift in Sources */,
				EDDF7D282229CF07003BCCAE /* BehaviorRelay.extension.swift in Sources */,
				372936AE1F54538A00762D15 /* FavoriteModel.swift in Sources */,
				37BE2AC91F37468C003DC1F8 /* FavoriteViewController.swift in Sources */,
				EDDF7D1A2229C1CA003BCCAE /* FavoriteViewDataSource.swift in Sources */,
				EDDF7D192229C1CA003BCCAE /* FavoriteViewModel.swift in Sources */,
				37BE2AF51F3759E7003DC1F8 /* LoadingView.swift in Sources */,
				37086C1F2017848900D625CA /* NSObjectProtocol.extension.swift in Sources */,
				EDDF7D262229CE79003BCCAE /* PublishRelay.extension.swift in Sources */,
				ED6EEE6A22297AD4007C3129 /* RepositoryModel.swift in Sources */,
				37BE2ACE1F3746E2003DC1F8 /* RepositoryViewController.swift in Sources */,
				EDDF7D1C2229C1CF003BCCAE /* RepositoryViewModel.swift in Sources */,
				ED6EEE68222973CE007C3129 /* SearchModel.swift in Sources */,
				37BE2ACB1F374699003DC1F8 /* SearchViewController.swift in Sources */,
				EDDF7D202229C1D5003BCCAE /* SearchViewDataSource.swift in Sources */,
				EDDF7D1F2229C1D5003BCCAE /* SearchViewModel.swift in Sources */,
				37BE2AEB1F3748B6003DC1F8 /* UIKeyboardInfo.swift in Sources */,
				37BE2AD21F3746FA003DC1F8 /* UserRepositoryViewController.swift in Sources */,
				EDDF7D232229C1DA003BCCAE /* UserRepositoryViewDataSource.swift in Sources */,
				EDDF7D242229C1DA003BCCAE /* UserRepositoryViewModel.swift in Sources */,
			);
			runOnlyForDeploymentPostprocessing = 0;
		};
/* End PBXSourcesBuildPhase section */

/* Begin PBXVariantGroup section */
		37BE2AB41F3745D0003DC1F8 /* LaunchScreen.storyboard */ = {
			isa = PBXVariantGroup;
			children = (
				37BE2AB51F3745D0003DC1F8 /* Base */,
			);
			name = LaunchScreen.storyboard;
			sourceTree = "<group>";
		};
		37BE2AB61F3745D0003DC1F8 /* Main.storyboard */ = {
			isa = PBXVariantGroup;
			children = (
				37BE2AB71F3745D0003DC1F8 /* Base */,
			);
			name = Main.storyboard;
			path = ../../Resources;
			sourceTree = "<group>";
		};
/* End PBXVariantGroup section */

/* Begin XCBuildConfiguration section */
		37817D131F373F8B00EC69C6 /* Debug */ = {
			isa = XCBuildConfiguration;
			buildSettings = {
				ALWAYS_SEARCH_USER_PATHS = NO;
				CLANG_ANALYZER_NONNULL = YES;
				CLANG_ANALYZER_NUMBER_OBJECT_CONVERSION = YES_AGGRESSIVE;
				CLANG_CXX_LANGUAGE_STANDARD = "gnu++0x";
				CLANG_CXX_LIBRARY = "libc++";
				CLANG_ENABLE_MODULES = YES;
				CLANG_ENABLE_OBJC_ARC = YES;
				CLANG_WARN_BLOCK_CAPTURE_AUTORELEASING = YES;
				CLANG_WARN_BOOL_CONVERSION = YES;
				CLANG_WARN_COMMA = YES;
				CLANG_WARN_CONSTANT_CONVERSION = YES;
				CLANG_WARN_DEPRECATED_OBJC_IMPLEMENTATIONS = YES;
				CLANG_WARN_DIRECT_OBJC_ISA_USAGE = YES_ERROR;
				CLANG_WARN_DOCUMENTATION_COMMENTS = YES;
				CLANG_WARN_EMPTY_BODY = YES;
				CLANG_WARN_ENUM_CONVERSION = YES;
				CLANG_WARN_INFINITE_RECURSION = YES;
				CLANG_WARN_INT_CONVERSION = YES;
				CLANG_WARN_NON_LITERAL_NULL_CONVERSION = YES;
				CLANG_WARN_OBJC_IMPLICIT_RETAIN_SELF = YES;
				CLANG_WARN_OBJC_LITERAL_CONVERSION = YES;
				CLANG_WARN_OBJC_ROOT_CLASS = YES_ERROR;
				CLANG_WARN_RANGE_LOOP_ANALYSIS = YES;
				CLANG_WARN_STRICT_PROTOTYPES = YES;
				CLANG_WARN_SUSPICIOUS_MOVE = YES;
				CLANG_WARN_UNREACHABLE_CODE = YES;
				CLANG_WARN__DUPLICATE_METHOD_MATCH = YES;
				"CODE_SIGN_IDENTITY[sdk=iphoneos*]" = "iPhone Developer";
				COPY_PHASE_STRIP = NO;
				DEBUG_INFORMATION_FORMAT = dwarf;
				ENABLE_STRICT_OBJC_MSGSEND = YES;
				ENABLE_TESTABILITY = YES;
				GCC_C_LANGUAGE_STANDARD = gnu99;
				GCC_DYNAMIC_NO_PIC = NO;
				GCC_NO_COMMON_BLOCKS = YES;
				GCC_OPTIMIZATION_LEVEL = 0;
				GCC_PREPROCESSOR_DEFINITIONS = (
					"DEBUG=1",
					"$(inherited)",
				);
				GCC_WARN_64_TO_32_BIT_CONVERSION = YES;
				GCC_WARN_ABOUT_RETURN_TYPE = YES_ERROR;
				GCC_WARN_UNDECLARED_SELECTOR = YES;
				GCC_WARN_UNINITIALIZED_AUTOS = YES_AGGRESSIVE;
				GCC_WARN_UNUSED_FUNCTION = YES;
				GCC_WARN_UNUSED_VARIABLE = YES;
				IPHONEOS_DEPLOYMENT_TARGET = 10.3;
				MTL_ENABLE_DEBUG_INFO = YES;
				ONLY_ACTIVE_ARCH = YES;
				SDKROOT = iphoneos;
				SWIFT_ACTIVE_COMPILATION_CONDITIONS = DEBUG;
				SWIFT_OPTIMIZATION_LEVEL = "-Onone";
				TARGETED_DEVICE_FAMILY = "1,2";
			};
			name = Debug;
		};
		37817D141F373F8B00EC69C6 /* Release */ = {
			isa = XCBuildConfiguration;
			buildSettings = {
				ALWAYS_SEARCH_USER_PATHS = NO;
				CLANG_ANALYZER_NONNULL = YES;
				CLANG_ANALYZER_NUMBER_OBJECT_CONVERSION = YES_AGGRESSIVE;
				CLANG_CXX_LANGUAGE_STANDARD = "gnu++0x";
				CLANG_CXX_LIBRARY = "libc++";
				CLANG_ENABLE_MODULES = YES;
				CLANG_ENABLE_OBJC_ARC = YES;
				CLANG_WARN_BLOCK_CAPTURE_AUTORELEASING = YES;
				CLANG_WARN_BOOL_CONVERSION = YES;
				CLANG_WARN_COMMA = YES;
				CLANG_WARN_CONSTANT_CONVERSION = YES;
				CLANG_WARN_DEPRECATED_OBJC_IMPLEMENTATIONS = YES;
				CLANG_WARN_DIRECT_OBJC_ISA_USAGE = YES_ERROR;
				CLANG_WARN_DOCUMENTATION_COMMENTS = YES;
				CLANG_WARN_EMPTY_BODY = YES;
				CLANG_WARN_ENUM_CONVERSION = YES;
				CLANG_WARN_INFINITE_RECURSION = YES;
				CLANG_WARN_INT_CONVERSION = YES;
				CLANG_WARN_NON_LITERAL_NULL_CONVERSION = YES;
				CLANG_WARN_OBJC_IMPLICIT_RETAIN_SELF = YES;
				CLANG_WARN_OBJC_LITERAL_CONVERSION = YES;
				CLANG_WARN_OBJC_ROOT_CLASS = YES_ERROR;
				CLANG_WARN_RANGE_LOOP_ANALYSIS = YES;
				CLANG_WARN_STRICT_PROTOTYPES = YES;
				CLANG_WARN_SUSPICIOUS_MOVE = YES;
				CLANG_WARN_UNREACHABLE_CODE = YES;
				CLANG_WARN__DUPLICATE_METHOD_MATCH = YES;
				"CODE_SIGN_IDENTITY[sdk=iphoneos*]" = "iPhone Developer";
				COPY_PHASE_STRIP = NO;
				DEBUG_INFORMATION_FORMAT = "dwarf-with-dsym";
				ENABLE_NS_ASSERTIONS = NO;
				ENABLE_STRICT_OBJC_MSGSEND = YES;
				GCC_C_LANGUAGE_STANDARD = gnu99;
				GCC_NO_COMMON_BLOCKS = YES;
				GCC_WARN_64_TO_32_BIT_CONVERSION = YES;
				GCC_WARN_ABOUT_RETURN_TYPE = YES_ERROR;
				GCC_WARN_UNDECLARED_SELECTOR = YES;
				GCC_WARN_UNINITIALIZED_AUTOS = YES_AGGRESSIVE;
				GCC_WARN_UNUSED_FUNCTION = YES;
				GCC_WARN_UNUSED_VARIABLE = YES;
				IPHONEOS_DEPLOYMENT_TARGET = 10.3;
				MTL_ENABLE_DEBUG_INFO = NO;
				SDKROOT = iphoneos;
				SWIFT_OPTIMIZATION_LEVEL = "-Owholemodule";
				TARGETED_DEVICE_FAMILY = "1,2";
				VALIDATE_PRODUCT = YES;
			};
			name = Release;
		};
		37817D161F373F8B00EC69C6 /* Debug */ = {
			isa = XCBuildConfiguration;
			baseConfigurationReference = 12A585EA9BD1550442F668A2 /* Pods-iOSDesignPatternSamples.debug.xcconfig */;
			buildSettings = {
				ASSETCATALOG_COMPILER_APPICON_NAME = AppIcon;
				DEVELOPMENT_TEAM = "";
				FRAMEWORK_SEARCH_PATHS = "$(inherited)";
				INFOPLIST_FILE = iOSDesignPatternSamples/Resources/Info.plist;
				IPHONEOS_DEPLOYMENT_TARGET = 11.0;
				LD_RUNPATH_SEARCH_PATHS = "$(inherited) @executable_path/Frameworks";
				PRODUCT_BUNDLE_IDENTIFIER = "jp.marty-suzuki.iOSDesignPatternSamples";
				PRODUCT_NAME = "$(TARGET_NAME)";
				PROVISIONING_PROFILE_SPECIFIER = "";
				SWIFT_SWIFT3_OBJC_INFERENCE = Default;
				SWIFT_VERSION = 4.2;
			};
			name = Debug;
		};
		37817D171F373F8B00EC69C6 /* Release */ = {
			isa = XCBuildConfiguration;
			baseConfigurationReference = E7683412D64555F8497709C2 /* Pods-iOSDesignPatternSamples.release.xcconfig */;
			buildSettings = {
				ASSETCATALOG_COMPILER_APPICON_NAME = AppIcon;
				DEVELOPMENT_TEAM = "";
				FRAMEWORK_SEARCH_PATHS = "$(inherited)";
				INFOPLIST_FILE = iOSDesignPatternSamples/Resources/Info.plist;
				IPHONEOS_DEPLOYMENT_TARGET = 11.0;
				LD_RUNPATH_SEARCH_PATHS = "$(inherited) @executable_path/Frameworks";
				PRODUCT_BUNDLE_IDENTIFIER = "jp.marty-suzuki.iOSDesignPatternSamples";
				PRODUCT_NAME = "$(TARGET_NAME)";
				PROVISIONING_PROFILE_SPECIFIER = "";
				SWIFT_SWIFT3_OBJC_INFERENCE = Default;
				SWIFT_VERSION = 4.2;
			};
			name = Release;
		};
/* End XCBuildConfiguration section */

/* Begin XCConfigurationList section */
		37817CFE1F373F8B00EC69C6 /* Build configuration list for PBXProject "iOSDesignPatternSamples" */ = {
			isa = XCConfigurationList;
			buildConfigurations = (
				37817D131F373F8B00EC69C6 /* Debug */,
				37817D141F373F8B00EC69C6 /* Release */,
			);
			defaultConfigurationIsVisible = 0;
			defaultConfigurationName = Release;
		};
		37817D151F373F8B00EC69C6 /* Build configuration list for PBXNativeTarget "iOSDesignPatternSamples" */ = {
			isa = XCConfigurationList;
			buildConfigurations = (
				37817D161F373F8B00EC69C6 /* Debug */,
				37817D171F373F8B00EC69C6 /* Release */,
			);
			defaultConfigurationIsVisible = 0;
			defaultConfigurationName = Release;
		};
/* End XCConfigurationList section */
	};
	rootObject = 37817CFB1F373F8B00EC69C6 /* Project object */;
}
