// !$*UTF8*$!
{
	archiveVersion = 1;
	classes = {
	};
	objectVersion = 46;
	objects = {

/* Begin PBXBuildFile section */
		37086C2D2017941900D625CA /* ApiSession.extension.swift in Sources */ = {isa = PBXBuildFile; fileRef = 37086C2A2017941900D625CA /* ApiSession.extension.swift */; };
		37086C2F2017941900D625CA /* NSObjectProtocol.extension.swift in Sources */ = {isa = PBXBuildFile; fileRef = 37086C2C2017941900D625CA /* NSObjectProtocol.extension.swift */; };
		375C54291F65073900310929 /* SearchViewDataSource.swift in Sources */ = {isa = PBXBuildFile; fileRef = 375C54281F65073900310929 /* SearchViewDataSource.swift */; };
		375C542B1F65079A00310929 /* FavoriteViewModel.swift in Sources */ = {isa = PBXBuildFile; fileRef = 375C542A1F65079A00310929 /* FavoriteViewModel.swift */; };
		375C542D1F6509E900310929 /* FavoriteViewDataSource.swift in Sources */ = {isa = PBXBuildFile; fileRef = 375C542C1F6509E900310929 /* FavoriteViewDataSource.swift */; };
		375C542F1F650EA900310929 /* SearchViewModel.swift in Sources */ = {isa = PBXBuildFile; fileRef = 375C542E1F650EA900310929 /* SearchViewModel.swift */; };
		375C54311F65454000310929 /* UserRepositoryViewModel.swift in Sources */ = {isa = PBXBuildFile; fileRef = 375C54301F65454000310929 /* UserRepositoryViewModel.swift */; };
		375C54331F65455700310929 /* UserRepositoryViewDataSource.swift in Sources */ = {isa = PBXBuildFile; fileRef = 375C54321F65455700310929 /* UserRepositoryViewDataSource.swift */; };
		37B1108E2017A8B90047B21D /* Value.swift in Sources */ = {isa = PBXBuildFile; fileRef = 37B1108D2017A8B90047B21D /* Value.swift */; };
		37BE2ABB1F3745D0003DC1F8 /* Assets.xcassets in Resources */ = {isa = PBXBuildFile; fileRef = 37BE2AB31F3745D0003DC1F8 /* Assets.xcassets */; };
		37BE2ABC1F3745D0003DC1F8 /* LaunchScreen.storyboard in Resources */ = {isa = PBXBuildFile; fileRef = 37BE2AB41F3745D0003DC1F8 /* LaunchScreen.storyboard */; };
		37BE2ABD1F3745D0003DC1F8 /* Main.storyboard in Resources */ = {isa = PBXBuildFile; fileRef = 37BE2AB61F3745D0003DC1F8 /* Main.storyboard */; };
		37BE2AC21F37460C003DC1F8 /* AppDelegate.swift in Sources */ = {isa = PBXBuildFile; fileRef = 37BE2AC11F37460C003DC1F8 /* AppDelegate.swift */; };
		37BE2AC91F37468C003DC1F8 /* FavoriteViewController.swift in Sources */ = {isa = PBXBuildFile; fileRef = 37BE2AC81F37468C003DC1F8 /* FavoriteViewController.swift */; };
		37BE2ACB1F374699003DC1F8 /* SearchViewController.swift in Sources */ = {isa = PBXBuildFile; fileRef = 37BE2ACA1F374699003DC1F8 /* SearchViewController.swift */; };
		37BE2ACE1F3746E2003DC1F8 /* RepositoryViewController.swift in Sources */ = {isa = PBXBuildFile; fileRef = 37BE2ACC1F3746E2003DC1F8 /* RepositoryViewController.swift */; };
		37BE2AD21F3746FA003DC1F8 /* UserRepositoryViewController.swift in Sources */ = {isa = PBXBuildFile; fileRef = 37BE2AD01F3746FA003DC1F8 /* UserRepositoryViewController.swift */; };
		37BE2AD31F3746FA003DC1F8 /* UserRepositoryViewController.xib in Resources */ = {isa = PBXBuildFile; fileRef = 37BE2AD11F3746FA003DC1F8 /* UserRepositoryViewController.xib */; };
		37BE2AD61F37471B003DC1F8 /* SafariServices.framework in Frameworks */ = {isa = PBXBuildFile; fileRef = 37BE2AD51F37471B003DC1F8 /* SafariServices.framework */; };
		37BE2AE31F374790003DC1F8 /* GithubKit.framework in Frameworks */ = {isa = PBXBuildFile; fileRef = 37BE2ADF1F374790003DC1F8 /* GithubKit.framework */; };
		37BE2AE41F374790003DC1F8 /* Nuke.framework in Frameworks */ = {isa = PBXBuildFile; fileRef = 37BE2AE01F374790003DC1F8 /* Nuke.framework */; };
		37BE2AE51F374790003DC1F8 /* RxSwift.framework in Frameworks */ = {isa = PBXBuildFile; fileRef = 37BE2AE11F374790003DC1F8 /* RxSwift.framework */; };
		37BE2AE61F374790003DC1F8 /* SwiftIconFont.framework in Frameworks */ = {isa = PBXBuildFile; fileRef = 37BE2AE21F374790003DC1F8 /* SwiftIconFont.framework */; };
		37BE2AE81F37480F003DC1F8 /* NoticeObserveKit.framework in Frameworks */ = {isa = PBXBuildFile; fileRef = 37BE2AE71F37480F003DC1F8 /* NoticeObserveKit.framework */; };
		37BE2AEB1F3748B6003DC1F8 /* UIKeyboardInfo.swift in Sources */ = {isa = PBXBuildFile; fileRef = 37BE2AEA1F3748B6003DC1F8 /* UIKeyboardInfo.swift */; };
		37BE2AED1F3748D9003DC1F8 /* UIKeyboardWillHide.swift in Sources */ = {isa = PBXBuildFile; fileRef = 37BE2AEC1F3748D9003DC1F8 /* UIKeyboardWillHide.swift */; };
		37BE2AEF1F3748EF003DC1F8 /* UIKeyboardWillShow.swift in Sources */ = {isa = PBXBuildFile; fileRef = 37BE2AEE1F3748EF003DC1F8 /* UIKeyboardWillShow.swift */; };
		37BE2AF51F3759E7003DC1F8 /* LoadingView.swift in Sources */ = {isa = PBXBuildFile; fileRef = 37BE2AF41F3759E7003DC1F8 /* LoadingView.swift */; };
		37BE2AF71F3759F0003DC1F8 /* LoadingView.xib in Resources */ = {isa = PBXBuildFile; fileRef = 37BE2AF61F3759F0003DC1F8 /* LoadingView.xib */; };
		37D5D20B1F6599A900FA46DF /* RepositoryViewModel.swift in Sources */ = {isa = PBXBuildFile; fileRef = 37D5D20A1F6599A900FA46DF /* RepositoryViewModel.swift */; };
		9DDAB3C11F66328B00D2EE00 /* RxCocoa.framework in Frameworks */ = {isa = PBXBuildFile; fileRef = 9DDAB3C01F66328A00D2EE00 /* RxCocoa.framework */; };
/* End PBXBuildFile section */

/* Begin PBXFileReference section */
		37086C2A2017941900D625CA /* ApiSession.extension.swift */ = {isa = PBXFileReference; fileEncoding = 4; lastKnownFileType = sourcecode.swift; path = ApiSession.extension.swift; sourceTree = "<group>"; };
		37086C2C2017941900D625CA /* NSObjectProtocol.extension.swift */ = {isa = PBXFileReference; fileEncoding = 4; lastKnownFileType = sourcecode.swift; path = NSObjectProtocol.extension.swift; sourceTree = "<group>"; };
		375C54281F65073900310929 /* SearchViewDataSource.swift */ = {isa = PBXFileReference; lastKnownFileType = sourcecode.swift; path = SearchViewDataSource.swift; sourceTree = "<group>"; };
		375C542A1F65079A00310929 /* FavoriteViewModel.swift */ = {isa = PBXFileReference; lastKnownFileType = sourcecode.swift; path = FavoriteViewModel.swift; sourceTree = "<group>"; };
		375C542C1F6509E900310929 /* FavoriteViewDataSource.swift */ = {isa = PBXFileReference; lastKnownFileType = sourcecode.swift; path = FavoriteViewDataSource.swift; sourceTree = "<group>"; };
		375C542E1F650EA900310929 /* SearchViewModel.swift */ = {isa = PBXFileReference; lastKnownFileType = sourcecode.swift; path = SearchViewModel.swift; sourceTree = "<group>"; };
		375C54301F65454000310929 /* UserRepositoryViewModel.swift */ = {isa = PBXFileReference; lastKnownFileType = sourcecode.swift; path = UserRepositoryViewModel.swift; sourceTree = "<group>"; };
		375C54321F65455700310929 /* UserRepositoryViewDataSource.swift */ = {isa = PBXFileReference; lastKnownFileType = sourcecode.swift; path = UserRepositoryViewDataSource.swift; sourceTree = "<group>"; };
		37817D031F373F8B00EC69C6 /* iOSDesignPatternSamples.app */ = {isa = PBXFileReference; explicitFileType = wrapper.application; includeInIndex = 0; path = iOSDesignPatternSamples.app; sourceTree = BUILT_PRODUCTS_DIR; };
		37B1108D2017A8B90047B21D /* Value.swift */ = {isa = PBXFileReference; lastKnownFileType = sourcecode.swift; path = Value.swift; sourceTree = "<group>"; };
		37BE2AB31F3745D0003DC1F8 /* Assets.xcassets */ = {isa = PBXFileReference; lastKnownFileType = folder.assetcatalog; path = Assets.xcassets; sourceTree = "<group>"; };
		37BE2AB51F3745D0003DC1F8 /* Base */ = {isa = PBXFileReference; lastKnownFileType = file.storyboard; name = Base; path = Base.lproj/LaunchScreen.storyboard; sourceTree = "<group>"; };
		37BE2AB71F3745D0003DC1F8 /* Base */ = {isa = PBXFileReference; lastKnownFileType = file.storyboard; name = Base; path = Base.lproj/Main.storyboard; sourceTree = "<group>"; };
		37BE2AB81F3745D0003DC1F8 /* Info.plist */ = {isa = PBXFileReference; fileEncoding = 4; lastKnownFileType = text.plist.xml; path = Info.plist; sourceTree = "<group>"; };
		37BE2AC11F37460C003DC1F8 /* AppDelegate.swift */ = {isa = PBXFileReference; fileEncoding = 4; lastKnownFileType = sourcecode.swift; path = AppDelegate.swift; sourceTree = "<group>"; };
		37BE2AC81F37468C003DC1F8 /* FavoriteViewController.swift */ = {isa = PBXFileReference; fileEncoding = 4; lastKnownFileType = sourcecode.swift; path = FavoriteViewController.swift; sourceTree = "<group>"; };
		37BE2ACA1F374699003DC1F8 /* SearchViewController.swift */ = {isa = PBXFileReference; fileEncoding = 4; lastKnownFileType = sourcecode.swift; path = SearchViewController.swift; sourceTree = "<group>"; };
		37BE2ACC1F3746E2003DC1F8 /* RepositoryViewController.swift */ = {isa = PBXFileReference; fileEncoding = 4; lastKnownFileType = sourcecode.swift; path = RepositoryViewController.swift; sourceTree = "<group>"; };
		37BE2AD01F3746FA003DC1F8 /* UserRepositoryViewController.swift */ = {isa = PBXFileReference; fileEncoding = 4; lastKnownFileType = sourcecode.swift; path = UserRepositoryViewController.swift; sourceTree = "<group>"; };
		37BE2AD11F3746FA003DC1F8 /* UserRepositoryViewController.xib */ = {isa = PBXFileReference; fileEncoding = 4; lastKnownFileType = file.xib; path = UserRepositoryViewController.xib; sourceTree = "<group>"; };
		37BE2AD51F37471B003DC1F8 /* SafariServices.framework */ = {isa = PBXFileReference; lastKnownFileType = wrapper.framework; name = SafariServices.framework; path = System/Library/Frameworks/SafariServices.framework; sourceTree = SDKROOT; };
		37BE2ADF1F374790003DC1F8 /* GithubKit.framework */ = {isa = PBXFileReference; lastKnownFileType = wrapper.framework; name = GithubKit.framework; path = Carthage/Build/iOS/GithubKit.framework; sourceTree = "<group>"; };
		37BE2AE01F374790003DC1F8 /* Nuke.framework */ = {isa = PBXFileReference; lastKnownFileType = wrapper.framework; name = Nuke.framework; path = Carthage/Build/iOS/Nuke.framework; sourceTree = "<group>"; };
		37BE2AE11F374790003DC1F8 /* RxSwift.framework */ = {isa = PBXFileReference; lastKnownFileType = wrapper.framework; name = RxSwift.framework; path = Carthage/Build/iOS/RxSwift.framework; sourceTree = "<group>"; };
		37BE2AE21F374790003DC1F8 /* SwiftIconFont.framework */ = {isa = PBXFileReference; lastKnownFileType = wrapper.framework; name = SwiftIconFont.framework; path = Carthage/Build/iOS/SwiftIconFont.framework; sourceTree = "<group>"; };
		37BE2AE71F37480F003DC1F8 /* NoticeObserveKit.framework */ = {isa = PBXFileReference; lastKnownFileType = wrapper.framework; name = NoticeObserveKit.framework; path = Carthage/Build/iOS/NoticeObserveKit.framework; sourceTree = "<group>"; };
		37BE2AEA1F3748B6003DC1F8 /* UIKeyboardInfo.swift */ = {isa = PBXFileReference; fileEncoding = 4; lastKnownFileType = sourcecode.swift; path = UIKeyboardInfo.swift; sourceTree = "<group>"; };
		37BE2AEC1F3748D9003DC1F8 /* UIKeyboardWillHide.swift */ = {isa = PBXFileReference; fileEncoding = 4; lastKnownFileType = sourcecode.swift; path = UIKeyboardWillHide.swift; sourceTree = "<group>"; };
		37BE2AEE1F3748EF003DC1F8 /* UIKeyboardWillShow.swift */ = {isa = PBXFileReference; fileEncoding = 4; lastKnownFileType = sourcecode.swift; path = UIKeyboardWillShow.swift; sourceTree = "<group>"; };
		37BE2AF41F3759E7003DC1F8 /* LoadingView.swift */ = {isa = PBXFileReference; fileEncoding = 4; lastKnownFileType = sourcecode.swift; path = LoadingView.swift; sourceTree = "<group>"; };
		37BE2AF61F3759F0003DC1F8 /* LoadingView.xib */ = {isa = PBXFileReference; fileEncoding = 4; lastKnownFileType = file.xib; path = LoadingView.xib; sourceTree = "<group>"; };
		37D5D20A1F6599A900FA46DF /* RepositoryViewModel.swift */ = {isa = PBXFileReference; lastKnownFileType = sourcecode.swift; path = RepositoryViewModel.swift; sourceTree = "<group>"; };
		9DDAB3C01F66328A00D2EE00 /* RxCocoa.framework */ = {isa = PBXFileReference; lastKnownFileType = wrapper.framework; name = RxCocoa.framework; path = Carthage/Build/iOS/RxCocoa.framework; sourceTree = "<group>"; };
/* End PBXFileReference section */

/* Begin PBXFrameworksBuildPhase section */
		37817D001F373F8B00EC69C6 /* Frameworks */ = {
			isa = PBXFrameworksBuildPhase;
			buildActionMask = 2147483647;
			files = (
				9DDAB3C11F66328B00D2EE00 /* RxCocoa.framework in Frameworks */,
				37BE2AE81F37480F003DC1F8 /* NoticeObserveKit.framework in Frameworks */,
				37BE2AE31F374790003DC1F8 /* GithubKit.framework in Frameworks */,
				37BE2AE41F374790003DC1F8 /* Nuke.framework in Frameworks */,
				37BE2AE51F374790003DC1F8 /* RxSwift.framework in Frameworks */,
				37BE2AE61F374790003DC1F8 /* SwiftIconFont.framework in Frameworks */,
				37BE2AD61F37471B003DC1F8 /* SafariServices.framework in Frameworks */,
			);
			runOnlyForDeploymentPostprocessing = 0;
		};
/* End PBXFrameworksBuildPhase section */

/* Begin PBXGroup section */
		37086C292017941900D625CA /* Extension */ = {
			isa = PBXGroup;
			children = (
				37086C2A2017941900D625CA /* ApiSession.extension.swift */,
				37086C2C2017941900D625CA /* NSObjectProtocol.extension.swift */,
				37B1108D2017A8B90047B21D /* Value.swift */,
			);
			path = Extension;
			sourceTree = "<group>";
		};
		37817CFA1F373F8B00EC69C6 = {
			isa = PBXGroup;
			children = (
				37817D051F373F8B00EC69C6 /* iOSDesignPatternSamples */,
				37817D041F373F8B00EC69C6 /* Products */,
				37BE2AD41F37471B003DC1F8 /* Frameworks */,
			);
			sourceTree = "<group>";
		};
		37817D041F373F8B00EC69C6 /* Products */ = {
			isa = PBXGroup;
			children = (
				37817D031F373F8B00EC69C6 /* iOSDesignPatternSamples.app */,
			);
			name = Products;
			sourceTree = "<group>";
		};
		37817D051F373F8B00EC69C6 /* iOSDesignPatternSamples */ = {
			isa = PBXGroup;
			children = (
				37BE2AB21F3745D0003DC1F8 /* Resources */,
				37BE2AB91F3745D0003DC1F8 /* Sources */,
			);
			path = iOSDesignPatternSamples;
			sourceTree = "<group>";
		};
		37BE2AB21F3745D0003DC1F8 /* Resources */ = {
			isa = PBXGroup;
			children = (
				37BE2AB31F3745D0003DC1F8 /* Assets.xcassets */,
				37BE2AB41F3745D0003DC1F8 /* LaunchScreen.storyboard */,
				37BE2AB81F3745D0003DC1F8 /* Info.plist */,
			);
			path = Resources;
			sourceTree = "<group>";
		};
		37BE2AB91F3745D0003DC1F8 /* Sources */ = {
			isa = PBXGroup;
			children = (
				37BE2AC01F37460C003DC1F8 /* Common */,
				37BE2AC31F37461E003DC1F8 /* UI */,
			);
			path = Sources;
			sourceTree = "<group>";
		};
		37BE2AC01F37460C003DC1F8 /* Common */ = {
			isa = PBXGroup;
			children = (
				37BE2AC11F37460C003DC1F8 /* AppDelegate.swift */,
				37086C292017941900D625CA /* Extension */,
				37BE2AE91F374889003DC1F8 /* NotieObserver */,
			);
			path = Common;
			sourceTree = "<group>";
		};
		37BE2AC31F37461E003DC1F8 /* UI */ = {
			isa = PBXGroup;
			children = (
				37BE2AB61F3745D0003DC1F8 /* Main.storyboard */,
				37BE2AF31F3759D1003DC1F8 /* Common */,
				37BE2AC41F374673003DC1F8 /* Favorite */,
				37BE2AC51F374673003DC1F8 /* Repository */,
				37BE2AC61F374673003DC1F8 /* Search */,
				37BE2AC71F374673003DC1F8 /* UserRepository */,
			);
			path = UI;
			sourceTree = "<group>";
		};
		37BE2AC41F374673003DC1F8 /* Favorite */ = {
			isa = PBXGroup;
			children = (
				37BE2AC81F37468C003DC1F8 /* FavoriteViewController.swift */,
				375C542A1F65079A00310929 /* FavoriteViewModel.swift */,
				375C542C1F6509E900310929 /* FavoriteViewDataSource.swift */,
			);
			path = Favorite;
			sourceTree = "<group>";
		};
		37BE2AC51F374673003DC1F8 /* Repository */ = {
			isa = PBXGroup;
			children = (
				37BE2ACC1F3746E2003DC1F8 /* RepositoryViewController.swift */,
				37D5D20A1F6599A900FA46DF /* RepositoryViewModel.swift */,
			);
			path = Repository;
			sourceTree = "<group>";
		};
		37BE2AC61F374673003DC1F8 /* Search */ = {
			isa = PBXGroup;
			children = (
				37BE2ACA1F374699003DC1F8 /* SearchViewController.swift */,
				375C542E1F650EA900310929 /* SearchViewModel.swift */,
				375C54281F65073900310929 /* SearchViewDataSource.swift */,
			);
			path = Search;
			sourceTree = "<group>";
		};
		37BE2AC71F374673003DC1F8 /* UserRepository */ = {
			isa = PBXGroup;
			children = (
				37BE2AD01F3746FA003DC1F8 /* UserRepositoryViewController.swift */,
				375C54301F65454000310929 /* UserRepositoryViewModel.swift */,
				375C54321F65455700310929 /* UserRepositoryViewDataSource.swift */,
				37BE2AD11F3746FA003DC1F8 /* UserRepositoryViewController.xib */,
			);
			path = UserRepository;
			sourceTree = "<group>";
		};
		37BE2AD41F37471B003DC1F8 /* Frameworks */ = {
			isa = PBXGroup;
			children = (
				9DDAB3C01F66328A00D2EE00 /* RxCocoa.framework */,
				37BE2AE71F37480F003DC1F8 /* NoticeObserveKit.framework */,
				37BE2ADF1F374790003DC1F8 /* GithubKit.framework */,
				37BE2AE01F374790003DC1F8 /* Nuke.framework */,
				37BE2AE11F374790003DC1F8 /* RxSwift.framework */,
				37BE2AE21F374790003DC1F8 /* SwiftIconFont.framework */,
				37BE2AD51F37471B003DC1F8 /* SafariServices.framework */,
			);
			name = Frameworks;
			sourceTree = "<group>";
		};
		37BE2AE91F374889003DC1F8 /* NotieObserver */ = {
			isa = PBXGroup;
			children = (
				37BE2AEA1F3748B6003DC1F8 /* UIKeyboardInfo.swift */,
				37BE2AEC1F3748D9003DC1F8 /* UIKeyboardWillHide.swift */,
				37BE2AEE1F3748EF003DC1F8 /* UIKeyboardWillShow.swift */,
			);
			path = NotieObserver;
			sourceTree = "<group>";
		};
		37BE2AF31F3759D1003DC1F8 /* Common */ = {
			isa = PBXGroup;
			children = (
				37BE2AF41F3759E7003DC1F8 /* LoadingView.swift */,
				37BE2AF61F3759F0003DC1F8 /* LoadingView.xib */,
			);
			path = Common;
			sourceTree = "<group>";
		};
/* End PBXGroup section */

/* Begin PBXNativeTarget section */
		37817D021F373F8B00EC69C6 /* iOSDesignPatternSamples */ = {
			isa = PBXNativeTarget;
			buildConfigurationList = 37817D151F373F8B00EC69C6 /* Build configuration list for PBXNativeTarget "iOSDesignPatternSamples" */;
			buildPhases = (
				37817CFF1F373F8B00EC69C6 /* Sources */,
				37817D001F373F8B00EC69C6 /* Frameworks */,
				37817D011F373F8B00EC69C6 /* Resources */,
				37BE2AB11F37433C003DC1F8 /* ShellScript */,
			);
			buildRules = (
			);
			dependencies = (
			);
			name = iOSDesignPatternSamples;
			productName = iOSDesignPatternSamples;
			productReference = 37817D031F373F8B00EC69C6 /* iOSDesignPatternSamples.app */;
			productType = "com.apple.product-type.application";
		};
/* End PBXNativeTarget section */

/* Begin PBXProject section */
		37817CFB1F373F8B00EC69C6 /* Project object */ = {
			isa = PBXProject;
			attributes = {
				LastSwiftUpdateCheck = 0830;
				LastUpgradeCheck = 0920;
				ORGANIZATIONNAME = "marty-suzuki";
				TargetAttributes = {
					37817D021F373F8B00EC69C6 = {
						CreatedOnToolsVersion = 8.3.3;
						LastSwiftMigration = 0900;
						ProvisioningStyle = Manual;
					};
				};
			};
			buildConfigurationList = 37817CFE1F373F8B00EC69C6 /* Build configuration list for PBXProject "iOSDesignPatternSamples" */;
			compatibilityVersion = "Xcode 3.2";
			developmentRegion = English;
			hasScannedForEncodings = 0;
			knownRegions = (
				en,
				Base,
			);
			mainGroup = 37817CFA1F373F8B00EC69C6;
			productRefGroup = 37817D041F373F8B00EC69C6 /* Products */;
			projectDirPath = "";
			projectRoot = "";
			targets = (
				37817D021F373F8B00EC69C6 /* iOSDesignPatternSamples */,
			);
		};
/* End PBXProject section */

/* Begin PBXResourcesBuildPhase section */
		37817D011F373F8B00EC69C6 /* Resources */ = {
			isa = PBXResourcesBuildPhase;
			buildActionMask = 2147483647;
			files = (
				37BE2ABB1F3745D0003DC1F8 /* Assets.xcassets in Resources */,
				37BE2AD31F3746FA003DC1F8 /* UserRepositoryViewController.xib in Resources */,
				37BE2AF71F3759F0003DC1F8 /* LoadingView.xib in Resources */,
				37BE2ABD1F3745D0003DC1F8 /* Main.storyboard in Resources */,
				37BE2ABC1F3745D0003DC1F8 /* LaunchScreen.storyboard in Resources */,
			);
			runOnlyForDeploymentPostprocessing = 0;
		};
/* End PBXResourcesBuildPhase section */

/* Begin PBXShellScriptBuildPhase section */
		37BE2AB11F37433C003DC1F8 /* ShellScript */ = {
			isa = PBXShellScriptBuildPhase;
			buildActionMask = 2147483647;
			files = (
			);
			inputPaths = (
				"$(SRCROOT)/Carthage/Build/iOS/Nuke.framework",
				"$(SRCROOT)/Carthage/Build/iOS/RxSwift.framework",
				"$(SRCROOT)/Carthage/Build/iOS/SwiftIconFont.framework",
				"$(SRCROOT)/Carthage/Build/iOS/GithubKit.framework",
				"$(SRCROOT)/Carthage/Build/iOS/NoticeObserveKit.framework",
				"$(SRCROOT)/Carthage/Build/iOS/RxCocoa.framework",
			);
			outputPaths = (
			);
			runOnlyForDeploymentPostprocessing = 0;
			shellPath = /bin/sh;
			shellScript = "/usr/local/bin/carthage copy-frameworks";
		};
/* End PBXShellScriptBuildPhase section */

/* Begin PBXSourcesBuildPhase section */
		37817CFF1F373F8B00EC69C6 /* Sources */ = {
			isa = PBXSourcesBuildPhase;
			buildActionMask = 2147483647;
			files = (
				37BE2AEB1F3748B6003DC1F8 /* UIKeyboardInfo.swift in Sources */,
				375C542B1F65079A00310929 /* FavoriteViewModel.swift in Sources */,
				375C542F1F650EA900310929 /* SearchViewModel.swift in Sources */,
				37BE2ACE1F3746E2003DC1F8 /* RepositoryViewController.swift in Sources */,
				37BE2AF51F3759E7003DC1F8 /* LoadingView.swift in Sources */,
				375C542D1F6509E900310929 /* FavoriteViewDataSource.swift in Sources */,
				37BE2ACB1F374699003DC1F8 /* SearchViewController.swift in Sources */,
				375C54291F65073900310929 /* SearchViewDataSource.swift in Sources */,
				37BE2AEF1F3748EF003DC1F8 /* UIKeyboardWillShow.swift in Sources */,
				37BE2AD21F3746FA003DC1F8 /* UserRepositoryViewController.swift in Sources */,
				37086C2D2017941900D625CA /* ApiSession.extension.swift in Sources */,
				375C54311F65454000310929 /* UserRepositoryViewModel.swift in Sources */,
				37D5D20B1F6599A900FA46DF /* RepositoryViewModel.swift in Sources */,
				37BE2AED1F3748D9003DC1F8 /* UIKeyboardWillHide.swift in Sources */,
				37BE2AC91F37468C003DC1F8 /* FavoriteViewController.swift in Sources */,
				37B1108E2017A8B90047B21D /* Value.swift in Sources */,
				37086C2F2017941900D625CA /* NSObjectProtocol.extension.swift in Sources */,
				375C54331F65455700310929 /* UserRepositoryViewDataSource.swift in Sources */,
				37BE2AC21F37460C003DC1F8 /* AppDelegate.swift in Sources */,
			);
			runOnlyForDeploymentPostprocessing = 0;
		};
/* End PBXSourcesBuildPhase section */

/* Begin PBXVariantGroup section */
		37BE2AB41F3745D0003DC1F8 /* LaunchScreen.storyboard */ = {
			isa = PBXVariantGroup;
			children = (
				37BE2AB51F3745D0003DC1F8 /* Base */,
			);
			name = LaunchScreen.storyboard;
			sourceTree = "<group>";
		};
		37BE2AB61F3745D0003DC1F8 /* Main.storyboard */ = {
			isa = PBXVariantGroup;
			children = (
				37BE2AB71F3745D0003DC1F8 /* Base */,
			);
			name = Main.storyboard;
			path = ../../Resources;
			sourceTree = "<group>";
		};
/* End PBXVariantGroup section */

/* Begin XCBuildConfiguration section */
		37817D131F373F8B00EC69C6 /* Debug */ = {
			isa = XCBuildConfiguration;
			buildSettings = {
				ALWAYS_SEARCH_USER_PATHS = NO;
				CLANG_ANALYZER_NONNULL = YES;
				CLANG_ANALYZER_NUMBER_OBJECT_CONVERSION = YES_AGGRESSIVE;
				CLANG_CXX_LANGUAGE_STANDARD = "gnu++0x";
				CLANG_CXX_LIBRARY = "libc++";
				CLANG_ENABLE_MODULES = YES;
				CLANG_ENABLE_OBJC_ARC = YES;
				CLANG_WARN_BLOCK_CAPTURE_AUTORELEASING = YES;
				CLANG_WARN_BOOL_CONVERSION = YES;
				CLANG_WARN_COMMA = YES;
				CLANG_WARN_CONSTANT_CONVERSION = YES;
				CLANG_WARN_DIRECT_OBJC_ISA_USAGE = YES_ERROR;
				CLANG_WARN_DOCUMENTATION_COMMENTS = YES;
				CLANG_WARN_EMPTY_BODY = YES;
				CLANG_WARN_ENUM_CONVERSION = YES;
				CLANG_WARN_INFINITE_RECURSION = YES;
				CLANG_WARN_INT_CONVERSION = YES;
				CLANG_WARN_NON_LITERAL_NULL_CONVERSION = YES;
				CLANG_WARN_OBJC_LITERAL_CONVERSION = YES;
				CLANG_WARN_OBJC_ROOT_CLASS = YES_ERROR;
				CLANG_WARN_RANGE_LOOP_ANALYSIS = YES;
				CLANG_WARN_STRICT_PROTOTYPES = YES;
				CLANG_WARN_SUSPICIOUS_MOVE = YES;
				CLANG_WARN_UNREACHABLE_CODE = YES;
				CLANG_WARN__DUPLICATE_METHOD_MATCH = YES;
				"CODE_SIGN_IDENTITY[sdk=iphoneos*]" = "iPhone Developer";
				COPY_PHASE_STRIP = NO;
				DEBUG_INFORMATION_FORMAT = dwarf;
				ENABLE_STRICT_OBJC_MSGSEND = YES;
				ENABLE_TESTABILITY = YES;
				GCC_C_LANGUAGE_STANDARD = gnu99;
				GCC_DYNAMIC_NO_PIC = NO;
				GCC_NO_COMMON_BLOCKS = YES;
				GCC_OPTIMIZATION_LEVEL = 0;
				GCC_PREPROCESSOR_DEFINITIONS = (
					"DEBUG=1",
					"$(inherited)",
				);
				GCC_WARN_64_TO_32_BIT_CONVERSION = YES;
				GCC_WARN_ABOUT_RETURN_TYPE = YES_ERROR;
				GCC_WARN_UNDECLARED_SELECTOR = YES;
				GCC_WARN_UNINITIALIZED_AUTOS = YES_AGGRESSIVE;
				GCC_WARN_UNUSED_FUNCTION = YES;
				GCC_WARN_UNUSED_VARIABLE = YES;
				IPHONEOS_DEPLOYMENT_TARGET = 10.3;
				MTL_ENABLE_DEBUG_INFO = YES;
				ONLY_ACTIVE_ARCH = YES;
				SDKROOT = iphoneos;
				SWIFT_ACTIVE_COMPILATION_CONDITIONS = DEBUG;
				SWIFT_OPTIMIZATION_LEVEL = "-Onone";
				TARGETED_DEVICE_FAMILY = "1,2";
			};
			name = Debug;
		};
		37817D141F373F8B00EC69C6 /* Release */ = {
			isa = XCBuildConfiguration;
			buildSettings = {
				ALWAYS_SEARCH_USER_PATHS = NO;
				CLANG_ANALYZER_NONNULL = YES;
				CLANG_ANALYZER_NUMBER_OBJECT_CONVERSION = YES_AGGRESSIVE;
				CLANG_CXX_LANGUAGE_STANDARD = "gnu++0x";
				CLANG_CXX_LIBRARY = "libc++";
				CLANG_ENABLE_MODULES = YES;
				CLANG_ENABLE_OBJC_ARC = YES;
				CLANG_WARN_BLOCK_CAPTURE_AUTORELEASING = YES;
				CLANG_WARN_BOOL_CONVERSION = YES;
				CLANG_WARN_COMMA = YES;
				CLANG_WARN_CONSTANT_CONVERSION = YES;
				CLANG_WARN_DIRECT_OBJC_ISA_USAGE = YES_ERROR;
				CLANG_WARN_DOCUMENTATION_COMMENTS = YES;
				CLANG_WARN_EMPTY_BODY = YES;
				CLANG_WARN_ENUM_CONVERSION = YES;
				CLANG_WARN_INFINITE_RECURSION = YES;
				CLANG_WARN_INT_CONVERSION = YES;
				CLANG_WARN_NON_LITERAL_NULL_CONVERSION = YES;
				CLANG_WARN_OBJC_LITERAL_CONVERSION = YES;
				CLANG_WARN_OBJC_ROOT_CLASS = YES_ERROR;
				CLANG_WARN_RANGE_LOOP_ANALYSIS = YES;
				CLANG_WARN_STRICT_PROTOTYPES = YES;
				CLANG_WARN_SUSPICIOUS_MOVE = YES;
				CLANG_WARN_UNREACHABLE_CODE = YES;
				CLANG_WARN__DUPLICATE_METHOD_MATCH = YES;
				"CODE_SIGN_IDENTITY[sdk=iphoneos*]" = "iPhone Developer";
				COPY_PHASE_STRIP = NO;
				DEBUG_INFORMATION_FORMAT = "dwarf-with-dsym";
				ENABLE_NS_ASSERTIONS = NO;
				ENABLE_STRICT_OBJC_MSGSEND = YES;
				GCC_C_LANGUAGE_STANDARD = gnu99;
				GCC_NO_COMMON_BLOCKS = YES;
				GCC_WARN_64_TO_32_BIT_CONVERSION = YES;
				GCC_WARN_ABOUT_RETURN_TYPE = YES_ERROR;
				GCC_WARN_UNDECLARED_SELECTOR = YES;
				GCC_WARN_UNINITIALIZED_AUTOS = YES_AGGRESSIVE;
				GCC_WARN_UNUSED_FUNCTION = YES;
				GCC_WARN_UNUSED_VARIABLE = YES;
				IPHONEOS_DEPLOYMENT_TARGET = 10.3;
				MTL_ENABLE_DEBUG_INFO = NO;
				SDKROOT = iphoneos;
				SWIFT_OPTIMIZATION_LEVEL = "-Owholemodule";
				TARGETED_DEVICE_FAMILY = "1,2";
				VALIDATE_PRODUCT = YES;
			};
			name = Release;
		};
		37817D161F373F8B00EC69C6 /* Debug */ = {
			isa = XCBuildConfiguration;
			buildSettings = {
				ASSETCATALOG_COMPILER_APPICON_NAME = AppIcon;
				DEVELOPMENT_TEAM = "";
				FRAMEWORK_SEARCH_PATHS = (
					"$(inherited)",
					"$(PROJECT_DIR)/Carthage/Build/iOS",
				);
				INFOPLIST_FILE = iOSDesignPatternSamples/Resources/Info.plist;
				LD_RUNPATH_SEARCH_PATHS = "$(inherited) @executable_path/Frameworks";
				PRODUCT_BUNDLE_IDENTIFIER = "jp.marty-suzuki.iOSDesignPatternSamples";
				PRODUCT_NAME = "$(TARGET_NAME)";
				PROVISIONING_PROFILE_SPECIFIER = "";
				SWIFT_SWIFT3_OBJC_INFERENCE = Default;
				SWIFT_VERSION = 4.0;
			};
			name = Debug;
		};
		37817D171F373F8B00EC69C6 /* Release */ = {
			isa = XCBuildConfiguration;
			buildSettings = {
				ASSETCATALOG_COMPILER_APPICON_NAME = AppIcon;
				DEVELOPMENT_TEAM = "";
				FRAMEWORK_SEARCH_PATHS = (
					"$(inherited)",
					"$(PROJECT_DIR)/Carthage/Build/iOS",
				);
				INFOPLIST_FILE = iOSDesignPatternSamples/Resources/Info.plist;
				LD_RUNPATH_SEARCH_PATHS = "$(inherited) @executable_path/Frameworks";
				PRODUCT_BUNDLE_IDENTIFIER = "jp.marty-suzuki.iOSDesignPatternSamples";
				PRODUCT_NAME = "$(TARGET_NAME)";
				PROVISIONING_PROFILE_SPECIFIER = "";
				SWIFT_SWIFT3_OBJC_INFERENCE = Default;
				SWIFT_VERSION = 4.0;
			};
			name = Release;
		};
/* End XCBuildConfiguration section */

/* Begin XCConfigurationList section */
		37817CFE1F373F8B00EC69C6 /* Build configuration list for PBXProject "iOSDesignPatternSamples" */ = {
			isa = XCConfigurationList;
			buildConfigurations = (
				37817D131F373F8B00EC69C6 /* Debug */,
				37817D141F373F8B00EC69C6 /* Release */,
			);
			defaultConfigurationIsVisible = 0;
			defaultConfigurationName = Release;
		};
		37817D151F373F8B00EC69C6 /* Build configuration list for PBXNativeTarget "iOSDesignPatternSamples" */ = {
			isa = XCConfigurationList;
			buildConfigurations = (
				37817D161F373F8B00EC69C6 /* Debug */,
				37817D171F373F8B00EC69C6 /* Release */,
			);
			defaultConfigurationIsVisible = 0;
			defaultConfigurationName = Release;
		};
/* End XCConfigurationList section */
	};
	rootObject = 37817CFB1F373F8B00EC69C6 /* Project object */;
}
