// !$*UTF8*$!
{
	archiveVersion = 1;
	classes = {
	};
	objectVersion = 51;
	objects = {

/* Begin PBXBuildFile section */
		0706D2760E1B3A990D0C277A /* AppDelegate.swift in Sources */ = {isa = PBXBuildFile; fileRef = 64602919324DEDBC0429D452 /* AppDelegate.swift */; };
		072EB0FFF0B72F37C8CF669A /* SearchModel.swift in Sources */ = {isa = PBXBuildFile; fileRef = 9ED48619F4A0CDE4B2D46702 /* SearchModel.swift */; };
		1791BB0E1AEB38868026578F /* RepositoryViewController.swift in Sources */ = {isa = PBXBuildFile; fileRef = 3D51BC0E506CEA4C9ACAA8DB /* RepositoryViewController.swift */; };
		1E5762C163B5BE80A4B583BD /* RepositoryAction.swift in Sources */ = {isa = PBXBuildFile; fileRef = 8F104F3620D153349BFBE346 /* RepositoryAction.swift */; };
		2CD68D5DC929A304F51F8B75 /* Flux.swift in Sources */ = {isa = PBXBuildFile; fileRef = C692FB99DB44CA426C403356 /* Flux.swift */; };
		4C4255DF134732163D7F09BD /* UserStore.swift in Sources */ = {isa = PBXBuildFile; fileRef = 45BF88C0F2F62D38AD0A67B7 /* UserStore.swift */; };
		4EF255BBD109181D8AD5058F /* SearchViewController.swift in Sources */ = {isa = PBXBuildFile; fileRef = 208BE35457B09256BF71DAD1 /* SearchViewController.swift */; };
		55F602A24577EE20805D6C89 /* RepositoryDispatcher.swift in Sources */ = {isa = PBXBuildFile; fileRef = 3BB550AF4260FF92B52DBA39 /* RepositoryDispatcher.swift */; };
		5A6EC25DC03393E8F8E064FF /* ApiSession.extension.swift in Sources */ = {isa = PBXBuildFile; fileRef = 34175ABC0E7BB9870D592CEF /* ApiSession.extension.swift */; };
		68266EFC53379F0728F6B00B /* FavoriteViewController.xib in Resources */ = {isa = PBXBuildFile; fileRef = E0D61178C6EC742BD2F981F1 /* FavoriteViewController.xib */; };
		6D22F97989A935ECA42DB3CA /* SearchViewController.xib in Resources */ = {isa = PBXBuildFile; fileRef = 5EDBADE530FE153A9651F109 /* SearchViewController.xib */; };
		6E70C01134789927B68535E4 /* RepositoryStore.swift in Sources */ = {isa = PBXBuildFile; fileRef = 2EBF2E93D03CC65B99162594 /* RepositoryStore.swift */; };
		6EC13FBC2AE1E8DBEBE88804 /* FavoriteViewController.swift in Sources */ = {isa = PBXBuildFile; fileRef = 6AFD90EB20BB491847814C5E /* FavoriteViewController.swift */; };
		71E4B210FC5945A53739149D /* LoadingView.swift in Sources */ = {isa = PBXBuildFile; fileRef = 9E2B00ED49EA7B8CD6C7C4F5 /* LoadingView.swift */; };
		72A4F51861F3B8CBA8CCCF38 /* UserAction.swift in Sources */ = {isa = PBXBuildFile; fileRef = D48A9BEED03F052AF1FF58AF /* UserAction.swift */; };
		7D1CB8434AAE6D1FC50B9D2E /* SafariServices.framework in Frameworks */ = {isa = PBXBuildFile; fileRef = FA63604B63E10BD6DC6520D0 /* SafariServices.framework */; };
		7F3AC0844FF343E754FD4431 /* SearchViewDataSource.swift in Sources */ = {isa = PBXBuildFile; fileRef = 7E02ECB42B97D30045AF6AB2 /* SearchViewDataSource.swift */; };
		811C3B9B712E3B67E5AD73FD /* UIKeyboardInfo.swift in Sources */ = {isa = PBXBuildFile; fileRef = 711633F4B85B3F76D0C88E41 /* UIKeyboardInfo.swift */; };
		82992D62FE8ED0043356C237 /* FavoriteViewDataSource.swift in Sources */ = {isa = PBXBuildFile; fileRef = 5DE1FF29F81CED271FD929C2 /* FavoriteViewDataSource.swift */; };
		9B515DE20E1424AC3D1F08CF /* Main.storyboard in Resources */ = {isa = PBXBuildFile; fileRef = AE92440962235D7ABB12EAFA /* Main.storyboard */; };
		B7B8D28336669C7BF3C29BEC /* UserRepositoryViewDataSource.swift in Sources */ = {isa = PBXBuildFile; fileRef = 969B79174D1421B0FCFE7154 /* UserRepositoryViewDataSource.swift */; };
		C3F5B4AE9DAFA2095EBCB56A /* NSObjectProtocol.extension.swift in Sources */ = {isa = PBXBuildFile; fileRef = 186C7AADB8679B060E7A2C1B /* NSObjectProtocol.extension.swift */; };
		C69B1DDE761E0663FDE1E947 /* UserRepositoryViewController.swift in Sources */ = {isa = PBXBuildFile; fileRef = 6AE9204A886B2448F36B9293 /* UserRepositoryViewController.swift */; };
		D0CFC875B535D97424BB8589 /* GithubKit in Frameworks */ = {isa = PBXBuildFile; productRef = C2FA27FA77B01E3C42D84622 /* GithubKit */; };
		D84737DB64A88B1888B8465D /* FavoriteModel.swift in Sources */ = {isa = PBXBuildFile; fileRef = 482D2D42402C917E5C0069BC /* FavoriteModel.swift */; };
		EAAC6C2B3C02E7FBEBC90163 /* Assets.xcassets in Resources */ = {isa = PBXBuildFile; fileRef = 9ABD5244E170566F15BBA15E /* Assets.xcassets */; };
		ED8C1E52A3D6C0097A18601E /* RepositoryModel.swift in Sources */ = {isa = PBXBuildFile; fileRef = B7D7B4F908B5F135EC242E10 /* RepositoryModel.swift */; };
		F01EAD7C3991E04F458F774F /* UserRepositoryViewController.xib in Resources */ = {isa = PBXBuildFile; fileRef = 1F905F35ABF1B1579FEE2B5A /* UserRepositoryViewController.xib */; };
		F58E4CF535E45CEED3E98229 /* LaunchScreen.storyboard in Resources */ = {isa = PBXBuildFile; fileRef = 85E0B8C9615DA3BCB623A9E8 /* LaunchScreen.storyboard */; };
		FBD8D2FEBF7BB980B8C52944 /* UserDispatcher.swift in Sources */ = {isa = PBXBuildFile; fileRef = 68AF2B455195818D1A73E8F2 /* UserDispatcher.swift */; };
/* End PBXBuildFile section */

/* Begin PBXFileReference section */
		186C7AADB8679B060E7A2C1B /* NSObjectProtocol.extension.swift */ = {isa = PBXFileReference; lastKnownFileType = sourcecode.swift; path = NSObjectProtocol.extension.swift; sourceTree = "<group>"; };
		1F905F35ABF1B1579FEE2B5A /* UserRepositoryViewController.xib */ = {isa = PBXFileReference; lastKnownFileType = file.xib; path = UserRepositoryViewController.xib; sourceTree = "<group>"; };
		208BE35457B09256BF71DAD1 /* SearchViewController.swift */ = {isa = PBXFileReference; lastKnownFileType = sourcecode.swift; path = SearchViewController.swift; sourceTree = "<group>"; };
		260D4E07190EC496827E1037 /* iOSDesignPatternSamples.app */ = {isa = PBXFileReference; includeInIndex = 0; lastKnownFileType = wrapper.application; path = iOSDesignPatternSamples.app; sourceTree = BUILT_PRODUCTS_DIR; };
		2EBF2E93D03CC65B99162594 /* RepositoryStore.swift */ = {isa = PBXFileReference; lastKnownFileType = sourcecode.swift; path = RepositoryStore.swift; sourceTree = "<group>"; };
		34175ABC0E7BB9870D592CEF /* ApiSession.extension.swift */ = {isa = PBXFileReference; lastKnownFileType = sourcecode.swift; path = ApiSession.extension.swift; sourceTree = "<group>"; };
		3BB550AF4260FF92B52DBA39 /* RepositoryDispatcher.swift */ = {isa = PBXFileReference; lastKnownFileType = sourcecode.swift; path = RepositoryDispatcher.swift; sourceTree = "<group>"; };
		3D51BC0E506CEA4C9ACAA8DB /* RepositoryViewController.swift */ = {isa = PBXFileReference; lastKnownFileType = sourcecode.swift; path = RepositoryViewController.swift; sourceTree = "<group>"; };
		45BF88C0F2F62D38AD0A67B7 /* UserStore.swift */ = {isa = PBXFileReference; lastKnownFileType = sourcecode.swift; path = UserStore.swift; sourceTree = "<group>"; };
		482D2D42402C917E5C0069BC /* FavoriteModel.swift */ = {isa = PBXFileReference; lastKnownFileType = sourcecode.swift; path = FavoriteModel.swift; sourceTree = "<group>"; };
		5DE1FF29F81CED271FD929C2 /* FavoriteViewDataSource.swift */ = {isa = PBXFileReference; lastKnownFileType = sourcecode.swift; path = FavoriteViewDataSource.swift; sourceTree = "<group>"; };
		5EDBADE530FE153A9651F109 /* SearchViewController.xib */ = {isa = PBXFileReference; lastKnownFileType = file.xib; path = SearchViewController.xib; sourceTree = "<group>"; };
		64602919324DEDBC0429D452 /* AppDelegate.swift */ = {isa = PBXFileReference; lastKnownFileType = sourcecode.swift; path = AppDelegate.swift; sourceTree = "<group>"; };
		68AF2B455195818D1A73E8F2 /* UserDispatcher.swift */ = {isa = PBXFileReference; lastKnownFileType = sourcecode.swift; path = UserDispatcher.swift; sourceTree = "<group>"; };
		6AE9204A886B2448F36B9293 /* UserRepositoryViewController.swift */ = {isa = PBXFileReference; lastKnownFileType = sourcecode.swift; path = UserRepositoryViewController.swift; sourceTree = "<group>"; };
		6AFD90EB20BB491847814C5E /* FavoriteViewController.swift */ = {isa = PBXFileReference; lastKnownFileType = sourcecode.swift; path = FavoriteViewController.swift; sourceTree = "<group>"; };
		711633F4B85B3F76D0C88E41 /* UIKeyboardInfo.swift */ = {isa = PBXFileReference; lastKnownFileType = sourcecode.swift; path = UIKeyboardInfo.swift; sourceTree = "<group>"; };
		7E02ECB42B97D30045AF6AB2 /* SearchViewDataSource.swift */ = {isa = PBXFileReference; lastKnownFileType = sourcecode.swift; path = SearchViewDataSource.swift; sourceTree = "<group>"; };
		8F104F3620D153349BFBE346 /* RepositoryAction.swift */ = {isa = PBXFileReference; lastKnownFileType = sourcecode.swift; path = RepositoryAction.swift; sourceTree = "<group>"; };
		969B79174D1421B0FCFE7154 /* UserRepositoryViewDataSource.swift */ = {isa = PBXFileReference; lastKnownFileType = sourcecode.swift; path = UserRepositoryViewDataSource.swift; sourceTree = "<group>"; };
		9ABD5244E170566F15BBA15E /* Assets.xcassets */ = {isa = PBXFileReference; lastKnownFileType = folder.assetcatalog; path = Assets.xcassets; sourceTree = "<group>"; };
		9B5B08A007452F84452B3F0D /* Base */ = {isa = PBXFileReference; lastKnownFileType = file.storyboard; name = Base; path = Base.lproj/LaunchScreen.storyboard; sourceTree = "<group>"; };
		9E2B00ED49EA7B8CD6C7C4F5 /* LoadingView.swift */ = {isa = PBXFileReference; lastKnownFileType = sourcecode.swift; path = LoadingView.swift; sourceTree = "<group>"; };
		9ED48619F4A0CDE4B2D46702 /* SearchModel.swift */ = {isa = PBXFileReference; lastKnownFileType = sourcecode.swift; path = SearchModel.swift; sourceTree = "<group>"; };
		B7D7B4F908B5F135EC242E10 /* RepositoryModel.swift */ = {isa = PBXFileReference; lastKnownFileType = sourcecode.swift; path = RepositoryModel.swift; sourceTree = "<group>"; };
		C692FB99DB44CA426C403356 /* Flux.swift */ = {isa = PBXFileReference; lastKnownFileType = sourcecode.swift; path = Flux.swift; sourceTree = "<group>"; };
		C86990A891A2828A45CDAF7A /* Base */ = {isa = PBXFileReference; lastKnownFileType = file.storyboard; name = Base; path = Base.lproj/Main.storyboard; sourceTree = "<group>"; };
		D48A9BEED03F052AF1FF58AF /* UserAction.swift */ = {isa = PBXFileReference; lastKnownFileType = sourcecode.swift; path = UserAction.swift; sourceTree = "<group>"; };
		E0D61178C6EC742BD2F981F1 /* FavoriteViewController.xib */ = {isa = PBXFileReference; lastKnownFileType = file.xib; path = FavoriteViewController.xib; sourceTree = "<group>"; };
		E18C174EDA4FB880B8A111DF /* Info.plist */ = {isa = PBXFileReference; lastKnownFileType = text.plist; path = Info.plist; sourceTree = "<group>"; };
		FA63604B63E10BD6DC6520D0 /* SafariServices.framework */ = {isa = PBXFileReference; lastKnownFileType = wrapper.framework; name = SafariServices.framework; path = System/Library/Frameworks/SafariServices.framework; sourceTree = SDKROOT; };
/* End PBXFileReference section */

/* Begin PBXFrameworksBuildPhase section */
		8AA28E0F4B1B622C54D54D6D /* Frameworks */ = {
			isa = PBXFrameworksBuildPhase;
			buildActionMask = 2147483647;
			files = (
				7D1CB8434AAE6D1FC50B9D2E /* SafariServices.framework in Frameworks */,
				D0CFC875B535D97424BB8589 /* GithubKit in Frameworks */,
			);
			runOnlyForDeploymentPostprocessing = 0;
		};
/* End PBXFrameworksBuildPhase section */

/* Begin PBXGroup section */
		02208B460A1C407341D95619 /* Frameworks */ = {
			isa = PBXGroup;
			children = (
				FA63604B63E10BD6DC6520D0 /* SafariServices.framework */,
			);
			name = Frameworks;
			sourceTree = "<group>";
		};
		08A56F8C1FA063C8A77204C8 /* UserRepository */ = {
			isa = PBXGroup;
			children = (
				6AE9204A886B2448F36B9293 /* UserRepositoryViewController.swift */,
				1F905F35ABF1B1579FEE2B5A /* UserRepositoryViewController.xib */,
				969B79174D1421B0FCFE7154 /* UserRepositoryViewDataSource.swift */,
			);
			path = UserRepository;
			sourceTree = "<group>";
		};
		2A80764463BE39A225D2E84F /* User */ = {
			isa = PBXGroup;
			children = (
				D48A9BEED03F052AF1FF58AF /* UserAction.swift */,
				68AF2B455195818D1A73E8F2 /* UserDispatcher.swift */,
				45BF88C0F2F62D38AD0A67B7 /* UserStore.swift */,
			);
			path = User;
			sourceTree = "<group>";
		};
		4C14D0C3C55EC377569255FC /* Search */ = {
			isa = PBXGroup;
			children = (
				208BE35457B09256BF71DAD1 /* SearchViewController.swift */,
				5EDBADE530FE153A9651F109 /* SearchViewController.xib */,
				7E02ECB42B97D30045AF6AB2 /* SearchViewDataSource.swift */,
			);
			path = Search;
			sourceTree = "<group>";
		};
		63560301C3FCCB36CCB00D7F /* Repository */ = {
			isa = PBXGroup;
			children = (
				8F104F3620D153349BFBE346 /* RepositoryAction.swift */,
				3BB550AF4260FF92B52DBA39 /* RepositoryDispatcher.swift */,
				2EBF2E93D03CC65B99162594 /* RepositoryStore.swift */,
			);
			path = Repository;
			sourceTree = "<group>";
		};
		67400C9F67FDD6315D360767 /* Entity */ = {
			isa = PBXGroup;
			children = (
				711633F4B85B3F76D0C88E41 /* UIKeyboardInfo.swift */,
			);
			path = Entity;
			sourceTree = "<group>";
		};
		67C271A0373C1BEC1FE68675 /* Common */ = {
			isa = PBXGroup;
			children = (
				9E2B00ED49EA7B8CD6C7C4F5 /* LoadingView.swift */,
			);
			path = Common;
			sourceTree = "<group>";
		};
		8555345585A1B35BE52502F1 /* Repository */ = {
			isa = PBXGroup;
			children = (
				3D51BC0E506CEA4C9ACAA8DB /* RepositoryViewController.swift */,
			);
			path = Repository;
			sourceTree = "<group>";
		};
		9D74C51986C1D3AB68DDC349 /* Sources */ = {
			isa = PBXGroup;
			children = (
				AFD41F0C3973C1BF8967D91F /* Common */,
				FB865D2588E7E2B897A9FBD9 /* UI */,
			);
			path = Sources;
			sourceTree = "<group>";
		};
		AFD41F0C3973C1BF8967D91F /* Common */ = {
			isa = PBXGroup;
			children = (
				64602919324DEDBC0429D452 /* AppDelegate.swift */,
				482D2D42402C917E5C0069BC /* FavoriteModel.swift */,
				B7D7B4F908B5F135EC242E10 /* RepositoryModel.swift */,
				9ED48619F4A0CDE4B2D46702 /* SearchModel.swift */,
				67400C9F67FDD6315D360767 /* Entity */,
				F9C1D2E8E92E77D4DAEC93D7 /* Extension */,
				EDB07537FD2AC298B0AF393B /* Flux */,
			);
			path = Common;
			sourceTree = "<group>";
		};
		CDEF771CBE64BFD893F76865 /* iOSDesignPatternSamples */ = {
			isa = PBXGroup;
			children = (
				E079FD0814BC1FC925A67D19 /* Resources */,
				9D74C51986C1D3AB68DDC349 /* Sources */,
			);
			path = iOSDesignPatternSamples;
			sourceTree = "<group>";
		};
		CDFC77ABD00DD3330734DFE4 /* Favorite */ = {
			isa = PBXGroup;
			children = (
				6AFD90EB20BB491847814C5E /* FavoriteViewController.swift */,
				E0D61178C6EC742BD2F981F1 /* FavoriteViewController.xib */,
				5DE1FF29F81CED271FD929C2 /* FavoriteViewDataSource.swift */,
			);
			path = Favorite;
			sourceTree = "<group>";
		};
		E079FD0814BC1FC925A67D19 /* Resources */ = {
			isa = PBXGroup;
			children = (
				9ABD5244E170566F15BBA15E /* Assets.xcassets */,
				E18C174EDA4FB880B8A111DF /* Info.plist */,
				85E0B8C9615DA3BCB623A9E8 /* LaunchScreen.storyboard */,
				AE92440962235D7ABB12EAFA /* Main.storyboard */,
			);
			path = Resources;
			sourceTree = "<group>";
		};
		EDB07537FD2AC298B0AF393B /* Flux */ = {
			isa = PBXGroup;
			children = (
				C692FB99DB44CA426C403356 /* Flux.swift */,
				63560301C3FCCB36CCB00D7F /* Repository */,
				2A80764463BE39A225D2E84F /* User */,
			);
			path = Flux;
			sourceTree = "<group>";
		};
		EEBA6A64D6FBB687AE113982 /* Products */ = {
			isa = PBXGroup;
			children = (
				260D4E07190EC496827E1037 /* iOSDesignPatternSamples.app */,
			);
			name = Products;
			sourceTree = "<group>";
		};
		F341A2CC7EC6BB7509E7C5AC = {
			isa = PBXGroup;
			children = (
				CDEF771CBE64BFD893F76865 /* iOSDesignPatternSamples */,
				02208B460A1C407341D95619 /* Frameworks */,
				EEBA6A64D6FBB687AE113982 /* Products */,
			);
			sourceTree = "<group>";
		};
		F9C1D2E8E92E77D4DAEC93D7 /* Extension */ = {
			isa = PBXGroup;
			children = (
				34175ABC0E7BB9870D592CEF /* ApiSession.extension.swift */,
				186C7AADB8679B060E7A2C1B /* NSObjectProtocol.extension.swift */,
			);
			path = Extension;
			sourceTree = "<group>";
		};
		FB865D2588E7E2B897A9FBD9 /* UI */ = {
			isa = PBXGroup;
			children = (
				67C271A0373C1BEC1FE68675 /* Common */,
				CDFC77ABD00DD3330734DFE4 /* Favorite */,
				8555345585A1B35BE52502F1 /* Repository */,
				4C14D0C3C55EC377569255FC /* Search */,
				08A56F8C1FA063C8A77204C8 /* UserRepository */,
			);
			path = UI;
			sourceTree = "<group>";
		};
/* End PBXGroup section */

/* Begin PBXNativeTarget section */
		90114F7F83BE9FE4B258C5AB /* iOSDesignPatternSamples */ = {
			isa = PBXNativeTarget;
			buildConfigurationList = 4DFC62A3378DADACB2D1090A /* Build configuration list for PBXNativeTarget "iOSDesignPatternSamples" */;
			buildPhases = (
				04C7C1DC0598A061AABFC4FB /* Sources */,
				63B968100733A20054A076B8 /* Resources */,
				8AA28E0F4B1B622C54D54D6D /* Frameworks */,
			);
			buildRules = (
			);
			dependencies = (
			);
			name = iOSDesignPatternSamples;
			packageProductDependencies = (
				C2FA27FA77B01E3C42D84622 /* GithubKit */,
			);
			productName = iOSDesignPatternSamples;
			productReference = 260D4E07190EC496827E1037 /* iOSDesignPatternSamples.app */;
			productType = "com.apple.product-type.application";
		};
/* End PBXNativeTarget section */

/* Begin PBXProject section */
		831CB87439BFDA4BB26D084D /* Project object */ = {
			isa = PBXProject;
			attributes = {
				LastUpgradeCheck = 1200;
				TargetAttributes = {
				};
			};
			buildConfigurationList = 817B998E26DC355C9DF10D2C /* Build configuration list for PBXProject "iOSDesignPatternSamples" */;
			compatibilityVersion = "Xcode 10.0";
			developmentRegion = en;
			hasScannedForEncodings = 0;
			knownRegions = (
				Base,
				en,
			);
			mainGroup = F341A2CC7EC6BB7509E7C5AC;
			packageReferences = (
				3FB6765C5B3365ADC70BEC0D /* XCRemoteSwiftPackageReference "GithubKitForSample" */,
			);
			projectDirPath = "";
			projectRoot = "";
			targets = (
				90114F7F83BE9FE4B258C5AB /* iOSDesignPatternSamples */,
			);
		};
/* End PBXProject section */

/* Begin PBXResourcesBuildPhase section */
		63B968100733A20054A076B8 /* Resources */ = {
			isa = PBXResourcesBuildPhase;
			buildActionMask = 2147483647;
			files = (
				EAAC6C2B3C02E7FBEBC90163 /* Assets.xcassets in Resources */,
				68266EFC53379F0728F6B00B /* FavoriteViewController.xib in Resources */,
				F58E4CF535E45CEED3E98229 /* LaunchScreen.storyboard in Resources */,
				9B515DE20E1424AC3D1F08CF /* Main.storyboard in Resources */,
				6D22F97989A935ECA42DB3CA /* SearchViewController.xib in Resources */,
				F01EAD7C3991E04F458F774F /* UserRepositoryViewController.xib in Resources */,
			);
			runOnlyForDeploymentPostprocessing = 0;
		};
/* End PBXResourcesBuildPhase section */

/* Begin PBXSourcesBuildPhase section */
		04C7C1DC0598A061AABFC4FB /* Sources */ = {
			isa = PBXSourcesBuildPhase;
			buildActionMask = 2147483647;
			files = (
				5A6EC25DC03393E8F8E064FF /* ApiSession.extension.swift in Sources */,
				0706D2760E1B3A990D0C277A /* AppDelegate.swift in Sources */,
				D84737DB64A88B1888B8465D /* FavoriteModel.swift in Sources */,
				6EC13FBC2AE1E8DBEBE88804 /* FavoriteViewController.swift in Sources */,
				82992D62FE8ED0043356C237 /* FavoriteViewDataSource.swift in Sources */,
				2CD68D5DC929A304F51F8B75 /* Flux.swift in Sources */,
				71E4B210FC5945A53739149D /* LoadingView.swift in Sources */,
				C3F5B4AE9DAFA2095EBCB56A /* NSObjectProtocol.extension.swift in Sources */,
				1E5762C163B5BE80A4B583BD /* RepositoryAction.swift in Sources */,
				55F602A24577EE20805D6C89 /* RepositoryDispatcher.swift in Sources */,
				ED8C1E52A3D6C0097A18601E /* RepositoryModel.swift in Sources */,
				6E70C01134789927B68535E4 /* RepositoryStore.swift in Sources */,
				1791BB0E1AEB38868026578F /* RepositoryViewController.swift in Sources */,
				072EB0FFF0B72F37C8CF669A /* SearchModel.swift in Sources */,
				4EF255BBD109181D8AD5058F /* SearchViewController.swift in Sources */,
				7F3AC0844FF343E754FD4431 /* SearchViewDataSource.swift in Sources */,
				811C3B9B712E3B67E5AD73FD /* UIKeyboardInfo.swift in Sources */,
				72A4F51861F3B8CBA8CCCF38 /* UserAction.swift in Sources */,
				FBD8D2FEBF7BB980B8C52944 /* UserDispatcher.swift in Sources */,
				C69B1DDE761E0663FDE1E947 /* UserRepositoryViewController.swift in Sources */,
				B7B8D28336669C7BF3C29BEC /* UserRepositoryViewDataSource.swift in Sources */,
				4C4255DF134732163D7F09BD /* UserStore.swift in Sources */,
			);
			runOnlyForDeploymentPostprocessing = 0;
		};
/* End PBXSourcesBuildPhase section */

/* Begin PBXVariantGroup section */
		85E0B8C9615DA3BCB623A9E8 /* LaunchScreen.storyboard */ = {
			isa = PBXVariantGroup;
			children = (
				9B5B08A007452F84452B3F0D /* Base */,
			);
			name = LaunchScreen.storyboard;
			sourceTree = "<group>";
		};
		AE92440962235D7ABB12EAFA /* Main.storyboard */ = {
			isa = PBXVariantGroup;
			children = (
				C86990A891A2828A45CDAF7A /* Base */,
			);
			name = Main.storyboard;
			sourceTree = "<group>";
		};
/* End PBXVariantGroup section */

/* Begin XCBuildConfiguration section */
		7AC06640AB9442EA69964455 /* Debug */ = {
			isa = XCBuildConfiguration;
			buildSettings = {
				ASSETCATALOG_COMPILER_APPICON_NAME = AppIcon;
				CODE_SIGN_IDENTITY = "iPhone Developer";
				INFOPLIST_FILE = iOSDesignPatternSamples/Resources/Info.plist;
				IPHONEOS_DEPLOYMENT_TARGET = 13.0;
				LD_RUNPATH_SEARCH_PATHS = (
					"$(inherited)",
					"@executable_path/Frameworks",
				);
				PRODUCT_BUNDLE_IDENTIFIER = "jp.marty-suzuki.iOSDesignPatternSamples";
				SDKROOT = iphoneos;
				TARGETED_DEVICE_FAMILY = "1,2";
			};
			name = Debug;
		};
		911DA79825EB1BF049ABB538 /* Release */ = {
			isa = XCBuildConfiguration;
			buildSettings = {
				ASSETCATALOG_COMPILER_APPICON_NAME = AppIcon;
				CODE_SIGN_IDENTITY = "iPhone Developer";
				INFOPLIST_FILE = iOSDesignPatternSamples/Resources/Info.plist;
				IPHONEOS_DEPLOYMENT_TARGET = 13.0;
				LD_RUNPATH_SEARCH_PATHS = (
					"$(inherited)",
					"@executable_path/Frameworks",
				);
				PRODUCT_BUNDLE_IDENTIFIER = "jp.marty-suzuki.iOSDesignPatternSamples";
				SDKROOT = iphoneos;
				TARGETED_DEVICE_FAMILY = "1,2";
			};
			name = Release;
		};
		98A191BBD4C6BD4AD063CD6D /* Debug */ = {
			isa = XCBuildConfiguration;
			buildSettings = {
				ALWAYS_SEARCH_USER_PATHS = NO;
				CLANG_ANALYZER_NONNULL = YES;
				CLANG_ANALYZER_NUMBER_OBJECT_CONVERSION = YES_AGGRESSIVE;
				CLANG_CXX_LANGUAGE_STANDARD = "gnu++14";
				CLANG_CXX_LIBRARY = "libc++";
				CLANG_ENABLE_MODULES = YES;
				CLANG_ENABLE_OBJC_ARC = YES;
				CLANG_ENABLE_OBJC_WEAK = YES;
				CLANG_WARN_BLOCK_CAPTURE_AUTORELEASING = YES;
				CLANG_WARN_BOOL_CONVERSION = YES;
				CLANG_WARN_COMMA = YES;
				CLANG_WARN_CONSTANT_CONVERSION = YES;
				CLANG_WARN_DEPRECATED_OBJC_IMPLEMENTATIONS = YES;
				CLANG_WARN_DIRECT_OBJC_ISA_USAGE = YES_ERROR;
				CLANG_WARN_DOCUMENTATION_COMMENTS = YES;
				CLANG_WARN_EMPTY_BODY = YES;
				CLANG_WARN_ENUM_CONVERSION = YES;
				CLANG_WARN_INFINITE_RECURSION = YES;
				CLANG_WARN_INT_CONVERSION = YES;
				CLANG_WARN_NON_LITERAL_NULL_CONVERSION = YES;
				CLANG_WARN_OBJC_IMPLICIT_RETAIN_SELF = YES;
				CLANG_WARN_OBJC_LITERAL_CONVERSION = YES;
				CLANG_WARN_OBJC_ROOT_CLASS = YES_ERROR;
				CLANG_WARN_QUOTED_INCLUDE_IN_FRAMEWORK_HEADER = YES;
				CLANG_WARN_RANGE_LOOP_ANALYSIS = YES;
				CLANG_WARN_STRICT_PROTOTYPES = YES;
				CLANG_WARN_SUSPICIOUS_MOVE = YES;
				CLANG_WARN_UNGUARDED_AVAILABILITY = YES_AGGRESSIVE;
				CLANG_WARN_UNREACHABLE_CODE = YES;
				CLANG_WARN__DUPLICATE_METHOD_MATCH = YES;
				COPY_PHASE_STRIP = NO;
				DEBUG_INFORMATION_FORMAT = dwarf;
				ENABLE_STRICT_OBJC_MSGSEND = YES;
				ENABLE_TESTABILITY = YES;
				GCC_C_LANGUAGE_STANDARD = gnu11;
				GCC_DYNAMIC_NO_PIC = NO;
				GCC_NO_COMMON_BLOCKS = YES;
				GCC_OPTIMIZATION_LEVEL = 0;
				GCC_PREPROCESSOR_DEFINITIONS = (
					"$(inherited)",
					"DEBUG=1",
				);
				GCC_WARN_64_TO_32_BIT_CONVERSION = YES;
				GCC_WARN_ABOUT_RETURN_TYPE = YES_ERROR;
				GCC_WARN_UNDECLARED_SELECTOR = YES;
				GCC_WARN_UNINITIALIZED_AUTOS = YES_AGGRESSIVE;
				GCC_WARN_UNUSED_FUNCTION = YES;
				GCC_WARN_UNUSED_VARIABLE = YES;
				MTL_ENABLE_DEBUG_INFO = INCLUDE_SOURCE;
				MTL_FAST_MATH = YES;
				ONLY_ACTIVE_ARCH = YES;
				PRODUCT_NAME = "$(TARGET_NAME)";
				SDKROOT = iphoneos;
				SWIFT_ACTIVE_COMPILATION_CONDITIONS = DEBUG;
				SWIFT_OPTIMIZATION_LEVEL = "-Onone";
				SWIFT_VERSION = 5.0;
			};
			name = Debug;
		};
		A3DE3012741C3F9548F22160 /* Release */ = {
			isa = XCBuildConfiguration;
			buildSettings = {
				ALWAYS_SEARCH_USER_PATHS = NO;
				CLANG_ANALYZER_NONNULL = YES;
				CLANG_ANALYZER_NUMBER_OBJECT_CONVERSION = YES_AGGRESSIVE;
				CLANG_CXX_LANGUAGE_STANDARD = "gnu++14";
				CLANG_CXX_LIBRARY = "libc++";
				CLANG_ENABLE_MODULES = YES;
				CLANG_ENABLE_OBJC_ARC = YES;
				CLANG_ENABLE_OBJC_WEAK = YES;
				CLANG_WARN_BLOCK_CAPTURE_AUTORELEASING = YES;
				CLANG_WARN_BOOL_CONVERSION = YES;
				CLANG_WARN_COMMA = YES;
				CLANG_WARN_CONSTANT_CONVERSION = YES;
				CLANG_WARN_DEPRECATED_OBJC_IMPLEMENTATIONS = YES;
				CLANG_WARN_DIRECT_OBJC_ISA_USAGE = YES_ERROR;
				CLANG_WARN_DOCUMENTATION_COMMENTS = YES;
				CLANG_WARN_EMPTY_BODY = YES;
				CLANG_WARN_ENUM_CONVERSION = YES;
				CLANG_WARN_INFINITE_RECURSION = YES;
				CLANG_WARN_INT_CONVERSION = YES;
				CLANG_WARN_NON_LITERAL_NULL_CONVERSION = YES;
				CLANG_WARN_OBJC_IMPLICIT_RETAIN_SELF = YES;
				CLANG_WARN_OBJC_LITERAL_CONVERSION = YES;
				CLANG_WARN_OBJC_ROOT_CLASS = YES_ERROR;
				CLANG_WARN_QUOTED_INCLUDE_IN_FRAMEWORK_HEADER = YES;
				CLANG_WARN_RANGE_LOOP_ANALYSIS = YES;
				CLANG_WARN_STRICT_PROTOTYPES = YES;
				CLANG_WARN_SUSPICIOUS_MOVE = YES;
				CLANG_WARN_UNGUARDED_AVAILABILITY = YES_AGGRESSIVE;
				CLANG_WARN_UNREACHABLE_CODE = YES;
				CLANG_WARN__DUPLICATE_METHOD_MATCH = YES;
				COPY_PHASE_STRIP = NO;
				DEBUG_INFORMATION_FORMAT = "dwarf-with-dsym";
				ENABLE_NS_ASSERTIONS = NO;
				ENABLE_STRICT_OBJC_MSGSEND = YES;
				GCC_C_LANGUAGE_STANDARD = gnu11;
				GCC_NO_COMMON_BLOCKS = YES;
				GCC_WARN_64_TO_32_BIT_CONVERSION = YES;
				GCC_WARN_ABOUT_RETURN_TYPE = YES_ERROR;
				GCC_WARN_UNDECLARED_SELECTOR = YES;
				GCC_WARN_UNINITIALIZED_AUTOS = YES_AGGRESSIVE;
				GCC_WARN_UNUSED_FUNCTION = YES;
				GCC_WARN_UNUSED_VARIABLE = YES;
				MTL_ENABLE_DEBUG_INFO = NO;
				MTL_FAST_MATH = YES;
				PRODUCT_NAME = "$(TARGET_NAME)";
				SDKROOT = iphoneos;
				SWIFT_COMPILATION_MODE = wholemodule;
				SWIFT_OPTIMIZATION_LEVEL = "-O";
				SWIFT_VERSION = 5.0;
			};
			name = Release;
		};
/* End XCBuildConfiguration section */

/* Begin XCConfigurationList section */
		4DFC62A3378DADACB2D1090A /* Build configuration list for PBXNativeTarget "iOSDesignPatternSamples" */ = {
			isa = XCConfigurationList;
			buildConfigurations = (
				7AC06640AB9442EA69964455 /* Debug */,
				911DA79825EB1BF049ABB538 /* Release */,
			);
			defaultConfigurationIsVisible = 0;
			defaultConfigurationName = Debug;
		};
		817B998E26DC355C9DF10D2C /* Build configuration list for PBXProject "iOSDesignPatternSamples" */ = {
			isa = XCConfigurationList;
			buildConfigurations = (
				98A191BBD4C6BD4AD063CD6D /* Debug */,
				A3DE3012741C3F9548F22160 /* Release */,
			);
			defaultConfigurationIsVisible = 0;
			defaultConfigurationName = Debug;
		};
/* End XCConfigurationList section */

/* Begin XCRemoteSwiftPackageReference section */
		3FB6765C5B3365ADC70BEC0D /* XCRemoteSwiftPackageReference "GithubKitForSample" */ = {
			isa = XCRemoteSwiftPackageReference;
			repositoryURL = "https://github.com/marty-suzuki/GithubKitForSample";
			requirement = {
				kind = exactVersion;
				version = 0.5.0;
			};
		};
/* End XCRemoteSwiftPackageReference section */

/* Begin XCSwiftPackageProductDependency section */
		C2FA27FA77B01E3C42D84622 /* GithubKit */ = {
			isa = XCSwiftPackageProductDependency;
			package = 3FB6765C5B3365ADC70BEC0D /* XCRemoteSwiftPackageReference "GithubKitForSample" */;
			productName = GithubKit;
		};
/* End XCSwiftPackageProductDependency section */
	};
	rootObject = 831CB87439BFDA4BB26D084D /* Project object */;
}
